Microsoft Visual Studio Solution File, Format Version 12.00
# Visual Studio 14
VisualStudioVersion = 14.0.25420.1
MinimumVisualStudioVersion = 10.0.40219.1
Project("{8BC9CEB8-8B4A-11D0-8D11-00A0C91BC942}") = "MQ2Cast", "MQ2Cast\MQ2Cast.vcxproj", "{E9E4BAC3-5CE0-73FF-ECD0-9838B7DDAF29}"
	ProjectSection(ProjectDependencies) = postProject
		{2A0A06A4-E9C6-4229-82EE-BD2D4E0A7221} = {2A0A06A4-E9C6-4229-82EE-BD2D4E0A7221}
	EndProjectSection
EndProject
Project("{8BC9CEB8-8B4A-11D0-8D11-00A0C91BC942}") = "MQ2EQBC", "MQ2EQBC\MQ2EQBC.vcxproj", "{49E2501B-5EDB-C708-272B-819C53BEB0E5}"
	ProjectSection(ProjectDependencies) = postProject
		{2A0A06A4-E9C6-4229-82EE-BD2D4E0A7221} = {2A0A06A4-E9C6-4229-82EE-BD2D4E0A7221}
	EndProjectSection
EndProject
Project("{8BC9CEB8-8B4A-11D0-8D11-00A0C91BC942}") = "MQ2Melee", "MQ2Melee\MQ2Melee.vcxproj", "{14BF0BDF-3D27-3D7B-8DA7-5F8D21B547F5}"
	ProjectSection(ProjectDependencies) = postProject
		{2A0A06A4-E9C6-4229-82EE-BD2D4E0A7221} = {2A0A06A4-E9C6-4229-82EE-BD2D4E0A7221}
	EndProjectSection
EndProject
Project("{8BC9CEB8-8B4A-11D0-8D11-00A0C91BC942}") = "MQ2Bandolier", "MQ2Bandolier\MQ2Bandolier.vcxproj", "{AE95066D-3F05-E1DC-A7DF-A16AA448FB6F}"
	ProjectSection(ProjectDependencies) = postProject
		{2A0A06A4-E9C6-4229-82EE-BD2D4E0A7221} = {2A0A06A4-E9C6-4229-82EE-BD2D4E0A7221}
	EndProjectSection
EndProject
Project("{8BC9CEB8-8B4A-11D0-8D11-00A0C91BC942}") = "MQ2Exchange", "MQ2Exchange\MQ2Exchange.vcxproj", "{CBB32070-9982-9A89-67AA-0103E4F704E6}"
	ProjectSection(ProjectDependencies) = postProject
		{2A0A06A4-E9C6-4229-82EE-BD2D4E0A7221} = {2A0A06A4-E9C6-4229-82EE-BD2D4E0A7221}
	EndProjectSection
EndProject
Project("{8BC9CEB8-8B4A-11D0-8D11-00A0C91BC942}") = "MQ2Autoforage", "MQ2Autoforage\MQ2Autoforage.vcxproj", "{067315CC-16CD-4A20-BF1F-ABF292160BB2}"
	ProjectSection(ProjectDependencies) = postProject
		{2A0A06A4-E9C6-4229-82EE-BD2D4E0A7221} = {2A0A06A4-E9C6-4229-82EE-BD2D4E0A7221}
	EndProjectSection
EndProject
Project("{8BC9CEB8-8B4A-11D0-8D11-00A0C91BC942}") = "MQ2MoveUtils", "MQ2MoveUtils\MQ2MoveUtils.vcxproj", "{81211C8F-4071-8EBE-B9D2-60DE49D11B51}"
	ProjectSection(ProjectDependencies) = postProject
		{2A0A06A4-E9C6-4229-82EE-BD2D4E0A7221} = {2A0A06A4-E9C6-4229-82EE-BD2D4E0A7221}
	EndProjectSection
EndProject
Project("{8BC9CEB8-8B4A-11D0-8D11-00A0C91BC942}") = "MQ2Twist", "MQ2Twist\MQ2Twist.vcxproj", "{4C8EBB25-558B-0B2A-9446-2383FBF57B30}"
	ProjectSection(ProjectDependencies) = postProject
		{2A0A06A4-E9C6-4229-82EE-BD2D4E0A7221} = {2A0A06A4-E9C6-4229-82EE-BD2D4E0A7221}
	EndProjectSection
EndProject
Project("{8BC9CEB8-8B4A-11D0-8D11-00A0C91BC942}") = "MQ2AutoSize", "MQ2AutoSize\MQ2AutoSize.vcxproj", "{97B84CB8-51AA-409B-A95F-8A8D476F5140}"
	ProjectSection(ProjectDependencies) = postProject
		{2A0A06A4-E9C6-4229-82EE-BD2D4E0A7221} = {2A0A06A4-E9C6-4229-82EE-BD2D4E0A7221}
	EndProjectSection
EndProject
Project("{8BC9CEB8-8B4A-11D0-8D11-00A0C91BC942}") = "MQ2Bardswap", "MQ2Bardswap\MQ2Bardswap.vcxproj", "{85D69F07-F0B6-476C-8DFB-68B18DA730AD}"
	ProjectSection(ProjectDependencies) = postProject
		{2A0A06A4-E9C6-4229-82EE-BD2D4E0A7221} = {2A0A06A4-E9C6-4229-82EE-BD2D4E0A7221}
	EndProjectSection
EndProject
Project("{8BC9CEB8-8B4A-11D0-8D11-00A0C91BC942}") = "MQ2Bucles", "MQ2Bucles\MQ2Bucles.vcxproj", "{B06582A4-110E-4AD1-A3DC-61C9E6F9E39B}"
	ProjectSection(ProjectDependencies) = postProject
		{2A0A06A4-E9C6-4229-82EE-BD2D4E0A7221} = {2A0A06A4-E9C6-4229-82EE-BD2D4E0A7221}
	EndProjectSection
EndProject
Project("{8BC9CEB8-8B4A-11D0-8D11-00A0C91BC942}") = "MQ2Bufftool", "MQ2Bufftool\MQ2Bufftool.vcxproj", "{6DAE49D1-9D43-4958-86C5-3B3EE4F52A09}"
	ProjectSection(ProjectDependencies) = postProject
		{2A0A06A4-E9C6-4229-82EE-BD2D4E0A7221} = {2A0A06A4-E9C6-4229-82EE-BD2D4E0A7221}
	EndProjectSection
EndProject
Project("{8BC9CEB8-8B4A-11D0-8D11-00A0C91BC942}") = "MQ2Charnotes", "MQ2Charnotes\MQ2Charnotes.vcxproj", "{33745B47-3117-4368-BCAA-3DD625076D7E}"
	ProjectSection(ProjectDependencies) = postProject
		{2A0A06A4-E9C6-4229-82EE-BD2D4E0A7221} = {2A0A06A4-E9C6-4229-82EE-BD2D4E0A7221}
	EndProjectSection
EndProject
Project("{8BC9CEB8-8B4A-11D0-8D11-00A0C91BC942}") = "MQ2Combat", "MQ2Combat\MQ2Combat.vcxproj", "{ECDF1A93-A952-4EB4-B58D-1F416B04497B}"
	ProjectSection(ProjectDependencies) = postProject
		{2A0A06A4-E9C6-4229-82EE-BD2D4E0A7221} = {2A0A06A4-E9C6-4229-82EE-BD2D4E0A7221}
	EndProjectSection
EndProject
Project("{8BC9CEB8-8B4A-11D0-8D11-00A0C91BC942}") = "MQ2Cursor", "MQ2Cursor\MQ2Cursor.vcxproj", "{08E0E35D-83A7-4491-B39D-703E8A7DAFFC}"
	ProjectSection(ProjectDependencies) = postProject
		{2A0A06A4-E9C6-4229-82EE-BD2D4E0A7221} = {2A0A06A4-E9C6-4229-82EE-BD2D4E0A7221}
	EndProjectSection
EndProject
Project("{8BC9CEB8-8B4A-11D0-8D11-00A0C91BC942}") = "MQ2Debuffs", "MQ2Debuffs\MQ2Debuffs.vcxproj", "{D6D73914-3D30-4DBE-984F-A18B1CB27213}"
	ProjectSection(ProjectDependencies) = postProject
		{2A0A06A4-E9C6-4229-82EE-BD2D4E0A7221} = {2A0A06A4-E9C6-4229-82EE-BD2D4E0A7221}
	EndProjectSection
EndProject
Project("{8BC9CEB8-8B4A-11D0-8D11-00A0C91BC942}") = "MQ2Events", "MQ2Events\MQ2Events.vcxproj", "{81A916BC-1E0C-47B0-A685-B3EBF790DAA4}"
	ProjectSection(ProjectDependencies) = postProject
		{2A0A06A4-E9C6-4229-82EE-BD2D4E0A7221} = {2A0A06A4-E9C6-4229-82EE-BD2D4E0A7221}
	EndProjectSection
EndProject
Project("{8BC9CEB8-8B4A-11D0-8D11-00A0C91BC942}") = "MQ2Feedme", "MQ2Feedme\MQ2Feedme.vcxproj", "{B18FCA10-6089-4C5E-A164-BFB687159936}"
	ProjectSection(ProjectDependencies) = postProject
		{2A0A06A4-E9C6-4229-82EE-BD2D4E0A7221} = {2A0A06A4-E9C6-4229-82EE-BD2D4E0A7221}
	EndProjectSection
EndProject
Project("{8BC9CEB8-8B4A-11D0-8D11-00A0C91BC942}") = "MQ2Linkdb", "MQ2Linkdb\MQ2Linkdb.vcxproj", "{7205031D-D658-41C0-8100-9B2AF2FD06A0}"
	ProjectSection(ProjectDependencies) = postProject
		{2A0A06A4-E9C6-4229-82EE-BD2D4E0A7221} = {2A0A06A4-E9C6-4229-82EE-BD2D4E0A7221}
	EndProjectSection
EndProject
Project("{8BC9CEB8-8B4A-11D0-8D11-00A0C91BC942}") = "MQ2Netbots", "MQ2Netbots\MQ2Netbots.vcxproj", "{8E104C79-88D5-4BCB-B642-2F0FE3D67A3E}"
	ProjectSection(ProjectDependencies) = postProject
		{2A0A06A4-E9C6-4229-82EE-BD2D4E0A7221} = {2A0A06A4-E9C6-4229-82EE-BD2D4E0A7221}
	EndProjectSection
EndProject
Project("{8BC9CEB8-8B4A-11D0-8D11-00A0C91BC942}") = "MQ2Netheal", "MQ2Netheal\MQ2Netheal.vcxproj", "{5243D56B-8FBC-4CCA-A24A-5CC4FC0B71B7}"
	ProjectSection(ProjectDependencies) = postProject
		{2A0A06A4-E9C6-4229-82EE-BD2D4E0A7221} = {2A0A06A4-E9C6-4229-82EE-BD2D4E0A7221}
	EndProjectSection
EndProject
Project("{8BC9CEB8-8B4A-11D0-8D11-00A0C91BC942}") = "MQ2Paranoid", "MQ2Paranoid\MQ2Paranoid.vcxproj", "{6668FF00-B6C2-4B11-98BD-4A84559BE7A2}"
	ProjectSection(ProjectDependencies) = postProject
		{2A0A06A4-E9C6-4229-82EE-BD2D4E0A7221} = {2A0A06A4-E9C6-4229-82EE-BD2D4E0A7221}
	EndProjectSection
EndProject
Project("{8BC9CEB8-8B4A-11D0-8D11-00A0C91BC942}") = "MQ2Randomstuff", "MQ2Randomstuff\MQ2Randomstuff.vcxproj", "{33AB56F6-EA8D-4E08-8D2F-83C01A35AC8A}"
	ProjectSection(ProjectDependencies) = postProject
		{2A0A06A4-E9C6-4229-82EE-BD2D4E0A7221} = {2A0A06A4-E9C6-4229-82EE-BD2D4E0A7221}
	EndProjectSection
EndProject
Project("{8BC9CEB8-8B4A-11D0-8D11-00A0C91BC942}") = "MQ2Rez", "MQ2Rez\MQ2Rez.vcxproj", "{193D134B-92B3-4FAB-9B9D-D3A626036CFA}"
	ProjectSection(ProjectDependencies) = postProject
		{2A0A06A4-E9C6-4229-82EE-BD2D4E0A7221} = {2A0A06A4-E9C6-4229-82EE-BD2D4E0A7221}
	EndProjectSection
EndProject
Project("{8BC9CEB8-8B4A-11D0-8D11-00A0C91BC942}") = "MQ2Spawnmaster", "MQ2Spawnmaster\MQ2Spawnmaster.vcxproj", "{BEDBAACC-325B-4086-8909-2C1386A8CAE3}"
	ProjectSection(ProjectDependencies) = postProject
		{2A0A06A4-E9C6-4229-82EE-BD2D4E0A7221} = {2A0A06A4-E9C6-4229-82EE-BD2D4E0A7221}
	EndProjectSection
EndProject
Project("{8BC9CEB8-8B4A-11D0-8D11-00A0C91BC942}") = "MQ2Spellhotkeys", "MQ2Spellhotkeys\MQ2Spellhotkeys.vcxproj", "{FC296510-75D2-40C2-88AC-C12DA778B0F4}"
	ProjectSection(ProjectDependencies) = postProject
		{2A0A06A4-E9C6-4229-82EE-BD2D4E0A7221} = {2A0A06A4-E9C6-4229-82EE-BD2D4E0A7221}
	EndProjectSection
EndProject
Project("{8BC9CEB8-8B4A-11D0-8D11-00A0C91BC942}") = "MQ2Spellsearch", "MQ2Spellsearch\MQ2Spellsearch.vcxproj", "{0AF17331-A21D-4257-8F2E-E5E81FB7CB89}"
	ProjectSection(ProjectDependencies) = postProject
		{2A0A06A4-E9C6-4229-82EE-BD2D4E0A7221} = {2A0A06A4-E9C6-4229-82EE-BD2D4E0A7221}
	EndProjectSection
EndProject
Project("{8BC9CEB8-8B4A-11D0-8D11-00A0C91BC942}") = "MQ2Tracking", "MQ2Tracking\MQ2Tracking.vcxproj", "{AC092214-E61C-4E4B-A904-AFE5209570EB}"
	ProjectSection(ProjectDependencies) = postProject
		{2A0A06A4-E9C6-4229-82EE-BD2D4E0A7221} = {2A0A06A4-E9C6-4229-82EE-BD2D4E0A7221}
	EndProjectSection
EndProject
Project("{8BC9CEB8-8B4A-11D0-8D11-00A0C91BC942}") = "MQ2Vendors", "MQ2Vendors\MQ2Vendors.vcxproj", "{B988A4E3-1466-4BD8-986D-CE1CBF49580C}"
	ProjectSection(ProjectDependencies) = postProject
		{2A0A06A4-E9C6-4229-82EE-BD2D4E0A7221} = {2A0A06A4-E9C6-4229-82EE-BD2D4E0A7221}
	EndProjectSection
EndProject
Project("{8BC9CEB8-8B4A-11D0-8D11-00A0C91BC942}") = "MQ2Xptracker", "MQ2Xptracker\MQ2Xptracker.vcxproj", "{E57D39F3-B92A-4126-AF2C-09C7CE36E741}"
	ProjectSection(ProjectDependencies) = postProject
		{2A0A06A4-E9C6-4229-82EE-BD2D4E0A7221} = {2A0A06A4-E9C6-4229-82EE-BD2D4E0A7221}
	EndProjectSection
EndProject
Project("{8BC9CEB8-8B4A-11D0-8D11-00A0C91BC942}") = "MQ2AdvPath", "MQ2AdvPath\MQ2AdvPath.vcxproj", "{FD057819-96EB-381C-00D4-BDD12463EBFF}"
	ProjectSection(ProjectDependencies) = postProject
		{2A0A06A4-E9C6-4229-82EE-BD2D4E0A7221} = {2A0A06A4-E9C6-4229-82EE-BD2D4E0A7221}
	EndProjectSection
EndProject
Project("{8BC9CEB8-8B4A-11D0-8D11-00A0C91BC942}") = "MQ2Targets", "MQ2Targets\MQ2Targets.vcxproj", "{885D76BC-83AD-49DA-96F7-5684624B3922}"
	ProjectSection(ProjectDependencies) = postProject
		{2A0A06A4-E9C6-4229-82EE-BD2D4E0A7221} = {2A0A06A4-E9C6-4229-82EE-BD2D4E0A7221}
	EndProjectSection
EndProject
Project("{8BC9CEB8-8B4A-11D0-8D11-00A0C91BC942}") = "MQ2Customsound", "MQ2Customsound\MQ2Customsound.vcxproj", "{16B7FBD8-6516-4565-89D0-AAECE936340D}"
	ProjectSection(ProjectDependencies) = postProject
		{2A0A06A4-E9C6-4229-82EE-BD2D4E0A7221} = {2A0A06A4-E9C6-4229-82EE-BD2D4E0A7221}
	EndProjectSection
EndProject
Project("{8BC9CEB8-8B4A-11D0-8D11-00A0C91BC942}") = "MQ2Search", "MQ2Search\MQ2Search.vcxproj", "{9DE9F8DD-F6E6-4234-9C9A-E8A7EA4992FC}"
	ProjectSection(ProjectDependencies) = postProject
		{2A0A06A4-E9C6-4229-82EE-BD2D4E0A7221} = {2A0A06A4-E9C6-4229-82EE-BD2D4E0A7221}
	EndProjectSection
EndProject
Project("{8BC9CEB8-8B4A-11D0-8D11-00A0C91BC942}") = "MQ2TributeManager", "MQ2TributeManager\MQ2TributeManager.vcxproj", "{70B307F9-224A-1FF7-BD93-71665DC9F6AE}"
	ProjectSection(ProjectDependencies) = postProject
		{2A0A06A4-E9C6-4229-82EE-BD2D4E0A7221} = {2A0A06A4-E9C6-4229-82EE-BD2D4E0A7221}
	EndProjectSection
EndProject
Project("{8BC9CEB8-8B4A-11D0-8D11-00A0C91BC942}") = "MQ2Fps", "MQ2Fps\MQ2Fps.vcxproj", "{AFF846F0-C9C5-4CFB-9A67-C93B0983DD9A}"
	ProjectSection(ProjectDependencies) = postProject
		{2A0A06A4-E9C6-4229-82EE-BD2D4E0A7221} = {2A0A06A4-E9C6-4229-82EE-BD2D4E0A7221}
	EndProjectSection
EndProject
Project("{8BC9CEB8-8B4A-11D0-8D11-00A0C91BC942}") = "MQ2Slave", "MQ2Slave\MQ2Slave.vcxproj", "{D4F0B056-A6D1-4044-8FC7-40AE2DEB13B9}"
	ProjectSection(ProjectDependencies) = postProject
		{2A0A06A4-E9C6-4229-82EE-BD2D4E0A7221} = {2A0A06A4-E9C6-4229-82EE-BD2D4E0A7221}
	EndProjectSection
EndProject
Project("{8BC9CEB8-8B4A-11D0-8D11-00A0C91BC942}") = "MQ2GMCheck", "MQ2GMCheck\MQ2GMCheck.vcxproj", "{C87DF027-D614-1E91-A12A-F5F3A800E447}"
	ProjectSection(ProjectDependencies) = postProject
		{2A0A06A4-E9C6-4229-82EE-BD2D4E0A7221} = {2A0A06A4-E9C6-4229-82EE-BD2D4E0A7221}
	EndProjectSection
EndProject
Project("{8BC9CEB8-8B4A-11D0-8D11-00A0C91BC942}") = "MQ2Relaytells", "MQ2Relaytells\MQ2Relaytells.vcxproj", "{972EE0C9-2686-E2D9-7DC6-1668C4C01326}"
	ProjectSection(ProjectDependencies) = postProject
		{2A0A06A4-E9C6-4229-82EE-BD2D4E0A7221} = {2A0A06A4-E9C6-4229-82EE-BD2D4E0A7221}
	EndProjectSection
EndProject
Project("{8BC9CEB8-8B4A-11D0-8D11-00A0C91BC942}") = "MQ2AutoAccept", "MQ2AutoAccept\MQ2AutoAccept.vcxproj", "{AA13000E-587F-9444-C2AE-D3CF07330C68}"
	ProjectSection(ProjectDependencies) = postProject
		{2A0A06A4-E9C6-4229-82EE-BD2D4E0A7221} = {2A0A06A4-E9C6-4229-82EE-BD2D4E0A7221}
	EndProjectSection
EndProject
Project("{8BC9CEB8-8B4A-11D0-8D11-00A0C91BC942}") = "MQ2NoNagWindows", "MQ2NoNagWindows\MQ2NoNagWindows.vcxproj", "{42C1B52D-C43E-533A-F9D8-FECC32D2E728}"
	ProjectSection(ProjectDependencies) = postProject
		{2A0A06A4-E9C6-4229-82EE-BD2D4E0A7221} = {2A0A06A4-E9C6-4229-82EE-BD2D4E0A7221}
	EndProjectSection
EndProject
Project("{8BC9CEB8-8B4A-11D0-8D11-00A0C91BC942}") = "MQ2AASpend", "MQ2AASpend\MQ2AASpend.vcxproj", "{771E0E01-4A68-0250-EA95-42214F8D41E9}"
	ProjectSection(ProjectDependencies) = postProject
		{2A0A06A4-E9C6-4229-82EE-BD2D4E0A7221} = {2A0A06A4-E9C6-4229-82EE-BD2D4E0A7221}
	EndProjectSection
EndProject
Project("{8BC9CEB8-8B4A-11D0-8D11-00A0C91BC942}") = "MQ2Notepad", "MQ2Notepad\MQ2Notepad.vcxproj", "{2F1BA493-40DB-A17B-1429-18FE08D79FD7}"
	ProjectSection(ProjectDependencies) = postProject
		{2A0A06A4-E9C6-4229-82EE-BD2D4E0A7221} = {2A0A06A4-E9C6-4229-82EE-BD2D4E0A7221}
	EndProjectSection
EndProject
Project("{8BC9CEB8-8B4A-11D0-8D11-00A0C91BC942}") = "MQ2Log", "MQ2Log\MQ2Log.vcxproj", "{8FB0012E-3788-E0CD-7BD7-CF90FDA1CCF7}"
	ProjectSection(ProjectDependencies) = postProject
		{2A0A06A4-E9C6-4229-82EE-BD2D4E0A7221} = {2A0A06A4-E9C6-4229-82EE-BD2D4E0A7221}
	EndProjectSection
EndProject
Project("{8BC9CEB8-8B4A-11D0-8D11-00A0C91BC942}") = "MQ2Posse", "MQ2Posse\MQ2Posse.vcxproj", "{147FFD01-1A0A-F502-BB24-3710A8F2F641}"
	ProjectSection(ProjectDependencies) = postProject
		{2A0A06A4-E9C6-4229-82EE-BD2D4E0A7221} = {2A0A06A4-E9C6-4229-82EE-BD2D4E0A7221}
	EndProjectSection
EndProject
Project("{8BC9CEB8-8B4A-11D0-8D11-00A0C91BC942}") = "MQ2HUDMove", "MQ2HUDMove\MQ2HUDMove.vcxproj", "{6BB09DDB-5645-0E66-F92F-A9BFF235957A}"
	ProjectSection(ProjectDependencies) = postProject
		{2A0A06A4-E9C6-4229-82EE-BD2D4E0A7221} = {2A0A06A4-E9C6-4229-82EE-BD2D4E0A7221}
	EndProjectSection
EndProject
Project("{8BC9CEB8-8B4A-11D0-8D11-00A0C91BC942}") = "MQ2Headshot", "MQ2Headshot\MQ2Headshot.vcxproj", "{4019E311-4E40-7598-76B9-6D407C8F58C9}"
	ProjectSection(ProjectDependencies) = postProject
		{2A0A06A4-E9C6-4229-82EE-BD2D4E0A7221} = {2A0A06A4-E9C6-4229-82EE-BD2D4E0A7221}
	EndProjectSection
EndProject
Project("{8BC9CEB8-8B4A-11D0-8D11-00A0C91BC942}") = "MQ2PlatTracker", "MQ2PlatTracker\MQ2PlatTracker.vcxproj", "{4954BA09-DA27-0726-53F3-0DB2BC5D860A}"
	ProjectSection(ProjectDependencies) = postProject
		{2A0A06A4-E9C6-4229-82EE-BD2D4E0A7221} = {2A0A06A4-E9C6-4229-82EE-BD2D4E0A7221}
	EndProjectSection
EndProject
Project("{8BC9CEB8-8B4A-11D0-8D11-00A0C91BC942}") = "MQ2PvPAlert", "MQ2PvPAlert\MQ2PvPAlert.vcxproj", "{E85CE11A-595D-ACA9-7622-49D96B9037E3}"
	ProjectSection(ProjectDependencies) = postProject
		{2A0A06A4-E9C6-4229-82EE-BD2D4E0A7221} = {2A0A06A4-E9C6-4229-82EE-BD2D4E0A7221}
	EndProjectSection
EndProject
Project("{8BC9CEB8-8B4A-11D0-8D11-00A0C91BC942}") = "MQ2Reward", "MQ2Reward\MQ2Reward.vcxproj", "{14F3F4E6-8D9B-466D-9F66-1E6C2FF0005C}"
	ProjectSection(ProjectDependencies) = postProject
		{2A0A06A4-E9C6-4229-82EE-BD2D4E0A7221} = {2A0A06A4-E9C6-4229-82EE-BD2D4E0A7221}
	EndProjectSection
EndProject
Project("{8BC9CEB8-8B4A-11D0-8D11-00A0C91BC942}") = "MQ2RaidUtils", "MQ2RaidUtils\MQ2RaidUtils.vcxproj", "{AC9851A3-A60B-51C1-8BA7-0C116C238720}"
	ProjectSection(ProjectDependencies) = postProject
		{2A0A06A4-E9C6-4229-82EE-BD2D4E0A7221} = {2A0A06A4-E9C6-4229-82EE-BD2D4E0A7221}
	EndProjectSection
EndProject
Project("{8BC9CEB8-8B4A-11D0-8D11-00A0C91BC942}") = "MQ2AutoCamp", "MQ2AutoCamp\MQ2AutoCamp.vcxproj", "{18663297-C5BB-7635-D094-AE3451C24A0B}"
	ProjectSection(ProjectDependencies) = postProject
		{2A0A06A4-E9C6-4229-82EE-BD2D4E0A7221} = {2A0A06A4-E9C6-4229-82EE-BD2D4E0A7221}
	EndProjectSection
EndProject
Project("{8BC9CEB8-8B4A-11D0-8D11-00A0C91BC942}") = "MQ2Spawns", "MQ2Spawns\MQ2Spawns.vcxproj", "{CA99F70E-64DF-6723-16C6-CBF682324A59}"
	ProjectSection(ProjectDependencies) = postProject
		{2A0A06A4-E9C6-4229-82EE-BD2D4E0A7221} = {2A0A06A4-E9C6-4229-82EE-BD2D4E0A7221}
	EndProjectSection
EndProject
Project("{8BC9CEB8-8B4A-11D0-8D11-00A0C91BC942}") = "MQ2ToolTip", "MQ2ToolTip\MQ2ToolTip.vcxproj", "{93BAA5C7-DF41-C40B-0238-FC1B3EA486EF}"
	ProjectSection(ProjectDependencies) = postProject
		{2A0A06A4-E9C6-4229-82EE-BD2D4E0A7221} = {2A0A06A4-E9C6-4229-82EE-BD2D4E0A7221}
	EndProjectSection
EndProject
Project("{8BC9CEB8-8B4A-11D0-8D11-00A0C91BC942}") = "MQ2Camera", "MQ2Camera\MQ2Camera.vcxproj", "{F96C4FD8-B3A8-4FE5-9B34-E171EF5CBA60}"
	ProjectSection(ProjectDependencies) = postProject
		{2A0A06A4-E9C6-4229-82EE-BD2D4E0A7221} = {2A0A06A4-E9C6-4229-82EE-BD2D4E0A7221}
	EndProjectSection
EndProject
Project("{8BC9CEB8-8B4A-11D0-8D11-00A0C91BC942}") = "MQ2Viewport", "MQ2Viewport\MQ2Viewport.vcxproj", "{E9421A44-EEF7-4263-B00B-3EB10A227960}"
	ProjectSection(ProjectDependencies) = postProject
		{2A0A06A4-E9C6-4229-82EE-BD2D4E0A7221} = {2A0A06A4-E9C6-4229-82EE-BD2D4E0A7221}
	EndProjectSection
EndProject
Project("{8BC9CEB8-8B4A-11D0-8D11-00A0C91BC942}") = "MQ2Medley", "MQ2Medley\MQ2Medley.vcxproj", "{ABA82111-9799-4FF0-8261-B887394F8100}"
	ProjectSection(ProjectDependencies) = postProject
		{2A0A06A4-E9C6-4229-82EE-BD2D4E0A7221} = {2A0A06A4-E9C6-4229-82EE-BD2D4E0A7221}
	EndProjectSection
EndProject
Project("{8BC9CEB8-8B4A-11D0-8D11-00A0C91BC942}") = "MQ2Heals", "MQ2Heals\MQ2Heals.vcxproj", "{7BD5C576-8978-4137-AC3A-1A27006185C2}"
	ProjectSection(ProjectDependencies) = postProject
		{2A0A06A4-E9C6-4229-82EE-BD2D4E0A7221} = {2A0A06A4-E9C6-4229-82EE-BD2D4E0A7221}
	EndProjectSection
EndProject
Project("{8BC9CEB8-8B4A-11D0-8D11-00A0C91BC942}") = "MQ2Gmail", "MQ2Gmail\MQ2Gmail.vcxproj", "{84CB5A85-6E1F-4C86-9BA8-2C7777F9E4E1}"
	ProjectSection(ProjectDependencies) = postProject
		{2A0A06A4-E9C6-4229-82EE-BD2D4E0A7221} = {2A0A06A4-E9C6-4229-82EE-BD2D4E0A7221}
	EndProjectSection
EndProject
Project("{8BC9CEB8-8B4A-11D0-8D11-00A0C91BC942}") = "MQ2Missing", "MQ2Missing\MQ2Missing.vcxproj", "{0559A729-F0FB-47AA-8C73-DA1AE8FE284E}"
	ProjectSection(ProjectDependencies) = postProject
		{2A0A06A4-E9C6-4229-82EE-BD2D4E0A7221} = {2A0A06A4-E9C6-4229-82EE-BD2D4E0A7221}
	EndProjectSection
EndProject
Project("{8BC9CEB8-8B4A-11D0-8D11-00A0C91BC942}") = "MQ2Dpsadv", "MQ2Dpsadv\MQ2Dpsadv.vcxproj", "{AE71C943-0C0C-43E4-A708-5A2B4DECBA9D}"
	ProjectSection(ProjectDependencies) = postProject
		{2A0A06A4-E9C6-4229-82EE-BD2D4E0A7221} = {2A0A06A4-E9C6-4229-82EE-BD2D4E0A7221}
	EndProjectSection
EndProject
Project("{8BC9CEB8-8B4A-11D0-8D11-00A0C91BC942}") = "MQ2CpuLoad", "MQ2CpuLoad\MQ2CpuLoad.vcxproj", "{F28BE032-CE55-4E50-8CA7-015E93E686DB}"
	ProjectSection(ProjectDependencies) = postProject
		{2A0A06A4-E9C6-4229-82EE-BD2D4E0A7221} = {2A0A06A4-E9C6-4229-82EE-BD2D4E0A7221}
	EndProjectSection
EndProject
Project("{8BC9CEB8-8B4A-11D0-8D11-00A0C91BC942}") = "MQ2Main", "MQ2Main\MQ2Main(TF).vcxproj", "{2A0A06A4-E9C6-4229-82EE-BD2D4E0A7221}"
EndProject
Project("{2150E333-8FDC-42A3-9474-1A3956D46DE8}") = "Solution Items", "Solution Items", "{A1FA0BE3-3992-4A1B-B56B-D108162C0155}"
	ProjectSection(SolutionItems) = preProject
		Release\Changes-ISXEQ.txt = Release\Changes-ISXEQ.txt
		Release\Changes.txt = Release\Changes.txt
		Release\ItemDB.txt = Release\ItemDB.txt
		Release\locations.txt = Release\locations.txt
		Release\MacroQuest_default.ini = Release\MacroQuest_default.ini
		Release\readme.chm = Release\readme.chm
	EndProjectSection
EndProject
Project("{8BC9CEB8-8B4A-11D0-8D11-00A0C91BC942}") = "MQ2Chat", "MQ2Chat\MQ2Chat(TF).vcxproj", "{D43171FB-8208-4E52-860A-6BAE2A2FA573}"
EndProject
Project("{8BC9CEB8-8B4A-11D0-8D11-00A0C91BC942}") = "MQ2ChatWnd", "MQ2ChatWnd\MQ2ChatWnd(TF).vcxproj", "{BBE410C2-F564-4564-951B-9FADE9BA5041}"
EndProject
Project("{8BC9CEB8-8B4A-11D0-8D11-00A0C91BC942}") = "MQ2CustomBinds", "MQ2CustomBinds\MQ2CustomBinds(TF).vcxproj", "{9329D84C-D3D8-46DC-9023-F35B2F57238C}"
EndProject
Project("{8BC9CEB8-8B4A-11D0-8D11-00A0C91BC942}") = "MQ2EQBugFix", "MQ2EQBugFix\MQ2EQBugFix(TF).vcxproj", "{E886F222-1A69-4352-906E-2999271C59A5}"
EndProject
Project("{8BC9CEB8-8B4A-11D0-8D11-00A0C91BC942}") = "MQ2EQIM", "MQ2EQIM\MQ2EQIM(TF).vcxproj", "{B9BB2FA6-4C01-4A3C-920A-7B3D8C4E0DEE}"
EndProject
Project("{8BC9CEB8-8B4A-11D0-8D11-00A0C91BC942}") = "MQ2HUD", "MQ2HUD\MQ2HUD(TF).vcxproj", "{F3077B9F-C8B6-441B-9A21-C76EA07CCE2B}"
EndProject
Project("{8BC9CEB8-8B4A-11D0-8D11-00A0C91BC942}") = "MQ2Irc", "MQ2Irc\MQ2Irc(TF).vcxproj", "{8CF9409E-6F66-48B7-B370-0754F2184EB0}"
EndProject
Project("{8BC9CEB8-8B4A-11D0-8D11-00A0C91BC942}") = "MQ2ItemDisplay", "MQ2ItemDisplay\MQ2ItemDisplay(TF).vcxproj", "{FC765D31-8E9E-4171-84E2-307CB8931E06}"
EndProject
Project("{8BC9CEB8-8B4A-11D0-8D11-00A0C91BC942}") = "MQ2Labels", "MQ2Labels\MQ2Labels(TF).vcxproj", "{60814EE3-1457-44A9-82D8-DBFF1B924CE4}"
EndProject
Project("{8BC9CEB8-8B4A-11D0-8D11-00A0C91BC942}") = "MQ2Map", "MQ2Map\MQ2Map(TF).vcxproj", "{423463E0-D7B6-4EBC-A371-38F8255153C0}"
EndProject
Project("{8BC9CEB8-8B4A-11D0-8D11-00A0C91BC942}") = "MQ2Telnet", "mq2telnet\mq2telnet(TF).vcxproj", "{1DA0A350-C188-4810-B903-3B603CA2E7D7}"
EndProject
Project("{8BC9CEB8-8B4A-11D0-8D11-00A0C91BC942}") = "MQ2AFNuke", "MQ2AFNuke\MQ2AFNuke.vcxproj", "{32E25D12-3BDD-41D8-A4C9-63206E3BC053}"
EndProject
Project("{8BC9CEB8-8B4A-11D0-8D11-00A0C91BC942}") = "MQ2AutoLogin", "MQ2AutoLogin\MQ2AutoLogin(TF).vcxproj", "{BC2C195E-87B3-4974-A398-0E1FA51FBB8E}"
	ProjectSection(ProjectDependencies) = postProject
		{2A0A06A4-E9C6-4229-82EE-BD2D4E0A7221} = {2A0A06A4-E9C6-4229-82EE-BD2D4E0A7221}
	EndProjectSection
EndProject
Project("{8BC9CEB8-8B4A-11D0-8D11-00A0C91BC942}") = "MQ2Bzsrch", "MQ2Bzsrch\MQ2Bzsrch(TF).vcxproj", "{E0A98D60-D694-4E6E-836B-E41AB5737D1D}"
EndProject
Project("{2150E333-8FDC-42A3-9474-1A3956D46DE8}") = "contrib", "contrib", "{EBF3B2A1-B1B8-477E-997B-35D98F5DA3AB}"
EndProject
Project("{2150E333-8FDC-42A3-9474-1A3956D46DE8}") = "MQ2Nav_Project", "MQ2Nav_Project", "{A86D2C08-FDE3-4F05-8A04-848539E9D259}"
EndProject
Global
	GlobalSection(SolutionConfigurationPlatforms) = preSolution
		Debug|Win32 = Debug|Win32
		Debug|x64 = Debug|x64
		Release|Win32 = Release|Win32
		Release|x64 = Release|x64
	EndGlobalSection
	GlobalSection(ProjectConfigurationPlatforms) = postSolution
		{E9E4BAC3-5CE0-73FF-ECD0-9838B7DDAF29}.Debug|Win32.ActiveCfg = Release|Win32
		{E9E4BAC3-5CE0-73FF-ECD0-9838B7DDAF29}.Debug|Win32.Build.0 = Release|Win32
		{E9E4BAC3-5CE0-73FF-ECD0-9838B7DDAF29}.Debug|x64.ActiveCfg = Release|Win32
		{E9E4BAC3-5CE0-73FF-ECD0-9838B7DDAF29}.Debug|x64.Build.0 = Release|Win32
		{E9E4BAC3-5CE0-73FF-ECD0-9838B7DDAF29}.Release|Win32.ActiveCfg = Release|Win32
		{E9E4BAC3-5CE0-73FF-ECD0-9838B7DDAF29}.Release|Win32.Build.0 = Release|Win32
		{E9E4BAC3-5CE0-73FF-ECD0-9838B7DDAF29}.Release|x64.ActiveCfg = Release|Win32
		{49E2501B-5EDB-C708-272B-819C53BEB0E5}.Debug|Win32.ActiveCfg = Release|Win32
		{49E2501B-5EDB-C708-272B-819C53BEB0E5}.Debug|Win32.Build.0 = Release|Win32
		{49E2501B-5EDB-C708-272B-819C53BEB0E5}.Debug|x64.ActiveCfg = Release|Win32
		{49E2501B-5EDB-C708-272B-819C53BEB0E5}.Debug|x64.Build.0 = Release|Win32
		{49E2501B-5EDB-C708-272B-819C53BEB0E5}.Release|Win32.ActiveCfg = Release|Win32
		{49E2501B-5EDB-C708-272B-819C53BEB0E5}.Release|Win32.Build.0 = Release|Win32
		{49E2501B-5EDB-C708-272B-819C53BEB0E5}.Release|x64.ActiveCfg = Release|Win32
		{14BF0BDF-3D27-3D7B-8DA7-5F8D21B547F5}.Debug|Win32.ActiveCfg = Release|Win32
		{14BF0BDF-3D27-3D7B-8DA7-5F8D21B547F5}.Debug|Win32.Build.0 = Release|Win32
		{14BF0BDF-3D27-3D7B-8DA7-5F8D21B547F5}.Debug|x64.ActiveCfg = Release|Win32
		{14BF0BDF-3D27-3D7B-8DA7-5F8D21B547F5}.Debug|x64.Build.0 = Release|Win32
		{14BF0BDF-3D27-3D7B-8DA7-5F8D21B547F5}.Release|Win32.ActiveCfg = Release|Win32
		{14BF0BDF-3D27-3D7B-8DA7-5F8D21B547F5}.Release|Win32.Build.0 = Release|Win32
		{14BF0BDF-3D27-3D7B-8DA7-5F8D21B547F5}.Release|x64.ActiveCfg = Release|Win32
		{AE95066D-3F05-E1DC-A7DF-A16AA448FB6F}.Debug|Win32.ActiveCfg = Release|Win32
		{AE95066D-3F05-E1DC-A7DF-A16AA448FB6F}.Debug|Win32.Build.0 = Release|Win32
		{AE95066D-3F05-E1DC-A7DF-A16AA448FB6F}.Debug|x64.ActiveCfg = Release|Win32
		{AE95066D-3F05-E1DC-A7DF-A16AA448FB6F}.Debug|x64.Build.0 = Release|Win32
		{AE95066D-3F05-E1DC-A7DF-A16AA448FB6F}.Release|Win32.ActiveCfg = Release|Win32
		{AE95066D-3F05-E1DC-A7DF-A16AA448FB6F}.Release|Win32.Build.0 = Release|Win32
		{AE95066D-3F05-E1DC-A7DF-A16AA448FB6F}.Release|x64.ActiveCfg = Release|Win32
		{CBB32070-9982-9A89-67AA-0103E4F704E6}.Debug|Win32.ActiveCfg = Release|Win32
		{CBB32070-9982-9A89-67AA-0103E4F704E6}.Debug|Win32.Build.0 = Release|Win32
		{CBB32070-9982-9A89-67AA-0103E4F704E6}.Debug|x64.ActiveCfg = Release|Win32
		{CBB32070-9982-9A89-67AA-0103E4F704E6}.Debug|x64.Build.0 = Release|Win32
		{CBB32070-9982-9A89-67AA-0103E4F704E6}.Release|Win32.ActiveCfg = Release|Win32
		{CBB32070-9982-9A89-67AA-0103E4F704E6}.Release|Win32.Build.0 = Release|Win32
		{CBB32070-9982-9A89-67AA-0103E4F704E6}.Release|x64.ActiveCfg = Release|Win32
		{067315CC-16CD-4A20-BF1F-ABF292160BB2}.Debug|Win32.ActiveCfg = Release|Win32
		{067315CC-16CD-4A20-BF1F-ABF292160BB2}.Debug|Win32.Build.0 = Release|Win32
		{067315CC-16CD-4A20-BF1F-ABF292160BB2}.Debug|x64.ActiveCfg = Release|Win32
		{067315CC-16CD-4A20-BF1F-ABF292160BB2}.Debug|x64.Build.0 = Release|Win32
		{067315CC-16CD-4A20-BF1F-ABF292160BB2}.Release|Win32.ActiveCfg = Release|Win32
		{067315CC-16CD-4A20-BF1F-ABF292160BB2}.Release|Win32.Build.0 = Release|Win32
		{067315CC-16CD-4A20-BF1F-ABF292160BB2}.Release|x64.ActiveCfg = Release|Win32
		{81211C8F-4071-8EBE-B9D2-60DE49D11B51}.Debug|Win32.ActiveCfg = Release|Win32
		{81211C8F-4071-8EBE-B9D2-60DE49D11B51}.Debug|Win32.Build.0 = Release|Win32
		{81211C8F-4071-8EBE-B9D2-60DE49D11B51}.Debug|x64.ActiveCfg = Release|Win32
		{81211C8F-4071-8EBE-B9D2-60DE49D11B51}.Debug|x64.Build.0 = Release|Win32
		{81211C8F-4071-8EBE-B9D2-60DE49D11B51}.Release|Win32.ActiveCfg = Release|Win32
		{81211C8F-4071-8EBE-B9D2-60DE49D11B51}.Release|Win32.Build.0 = Release|Win32
		{81211C8F-4071-8EBE-B9D2-60DE49D11B51}.Release|x64.ActiveCfg = Release|Win32
		{4C8EBB25-558B-0B2A-9446-2383FBF57B30}.Debug|Win32.ActiveCfg = Release|Win32
		{4C8EBB25-558B-0B2A-9446-2383FBF57B30}.Debug|Win32.Build.0 = Release|Win32
		{4C8EBB25-558B-0B2A-9446-2383FBF57B30}.Debug|x64.ActiveCfg = Release|Win32
		{4C8EBB25-558B-0B2A-9446-2383FBF57B30}.Debug|x64.Build.0 = Release|Win32
		{4C8EBB25-558B-0B2A-9446-2383FBF57B30}.Release|Win32.ActiveCfg = Release|Win32
		{4C8EBB25-558B-0B2A-9446-2383FBF57B30}.Release|Win32.Build.0 = Release|Win32
		{4C8EBB25-558B-0B2A-9446-2383FBF57B30}.Release|x64.ActiveCfg = Release|Win32
		{97B84CB8-51AA-409B-A95F-8A8D476F5140}.Debug|Win32.ActiveCfg = Release|Win32
		{97B84CB8-51AA-409B-A95F-8A8D476F5140}.Debug|Win32.Build.0 = Release|Win32
		{97B84CB8-51AA-409B-A95F-8A8D476F5140}.Debug|x64.ActiveCfg = Release|Win32
		{97B84CB8-51AA-409B-A95F-8A8D476F5140}.Debug|x64.Build.0 = Release|Win32
		{97B84CB8-51AA-409B-A95F-8A8D476F5140}.Release|Win32.ActiveCfg = Release|Win32
		{97B84CB8-51AA-409B-A95F-8A8D476F5140}.Release|Win32.Build.0 = Release|Win32
		{97B84CB8-51AA-409B-A95F-8A8D476F5140}.Release|x64.ActiveCfg = Release|Win32
		{85D69F07-F0B6-476C-8DFB-68B18DA730AD}.Debug|Win32.ActiveCfg = Release|Win32
		{85D69F07-F0B6-476C-8DFB-68B18DA730AD}.Debug|Win32.Build.0 = Release|Win32
		{85D69F07-F0B6-476C-8DFB-68B18DA730AD}.Debug|x64.ActiveCfg = Release|Win32
		{85D69F07-F0B6-476C-8DFB-68B18DA730AD}.Debug|x64.Build.0 = Release|Win32
		{85D69F07-F0B6-476C-8DFB-68B18DA730AD}.Release|Win32.ActiveCfg = Release|Win32
		{85D69F07-F0B6-476C-8DFB-68B18DA730AD}.Release|Win32.Build.0 = Release|Win32
		{85D69F07-F0B6-476C-8DFB-68B18DA730AD}.Release|x64.ActiveCfg = Release|Win32
		{B06582A4-110E-4AD1-A3DC-61C9E6F9E39B}.Debug|Win32.ActiveCfg = Release|Win32
		{B06582A4-110E-4AD1-A3DC-61C9E6F9E39B}.Debug|Win32.Build.0 = Release|Win32
		{B06582A4-110E-4AD1-A3DC-61C9E6F9E39B}.Debug|x64.ActiveCfg = Release|Win32
		{B06582A4-110E-4AD1-A3DC-61C9E6F9E39B}.Debug|x64.Build.0 = Release|Win32
		{B06582A4-110E-4AD1-A3DC-61C9E6F9E39B}.Release|Win32.ActiveCfg = Release|Win32
		{B06582A4-110E-4AD1-A3DC-61C9E6F9E39B}.Release|Win32.Build.0 = Release|Win32
		{B06582A4-110E-4AD1-A3DC-61C9E6F9E39B}.Release|x64.ActiveCfg = Release|Win32
		{6DAE49D1-9D43-4958-86C5-3B3EE4F52A09}.Debug|Win32.ActiveCfg = Release|Win32
		{6DAE49D1-9D43-4958-86C5-3B3EE4F52A09}.Debug|Win32.Build.0 = Release|Win32
		{6DAE49D1-9D43-4958-86C5-3B3EE4F52A09}.Debug|x64.ActiveCfg = Release|Win32
		{6DAE49D1-9D43-4958-86C5-3B3EE4F52A09}.Debug|x64.Build.0 = Release|Win32
		{6DAE49D1-9D43-4958-86C5-3B3EE4F52A09}.Release|Win32.ActiveCfg = Release|Win32
		{6DAE49D1-9D43-4958-86C5-3B3EE4F52A09}.Release|Win32.Build.0 = Release|Win32
		{6DAE49D1-9D43-4958-86C5-3B3EE4F52A09}.Release|x64.ActiveCfg = Release|Win32
		{33745B47-3117-4368-BCAA-3DD625076D7E}.Debug|Win32.ActiveCfg = Release|Win32
		{33745B47-3117-4368-BCAA-3DD625076D7E}.Debug|Win32.Build.0 = Release|Win32
		{33745B47-3117-4368-BCAA-3DD625076D7E}.Debug|x64.ActiveCfg = Release|Win32
		{33745B47-3117-4368-BCAA-3DD625076D7E}.Debug|x64.Build.0 = Release|Win32
		{33745B47-3117-4368-BCAA-3DD625076D7E}.Release|Win32.ActiveCfg = Release|Win32
		{33745B47-3117-4368-BCAA-3DD625076D7E}.Release|Win32.Build.0 = Release|Win32
		{33745B47-3117-4368-BCAA-3DD625076D7E}.Release|x64.ActiveCfg = Release|Win32
		{ECDF1A93-A952-4EB4-B58D-1F416B04497B}.Debug|Win32.ActiveCfg = Release|Win32
		{ECDF1A93-A952-4EB4-B58D-1F416B04497B}.Debug|Win32.Build.0 = Release|Win32
		{ECDF1A93-A952-4EB4-B58D-1F416B04497B}.Debug|x64.ActiveCfg = Release|Win32
		{ECDF1A93-A952-4EB4-B58D-1F416B04497B}.Debug|x64.Build.0 = Release|Win32
		{ECDF1A93-A952-4EB4-B58D-1F416B04497B}.Release|Win32.ActiveCfg = Release|Win32
		{ECDF1A93-A952-4EB4-B58D-1F416B04497B}.Release|Win32.Build.0 = Release|Win32
		{ECDF1A93-A952-4EB4-B58D-1F416B04497B}.Release|x64.ActiveCfg = Release|Win32
		{08E0E35D-83A7-4491-B39D-703E8A7DAFFC}.Debug|Win32.ActiveCfg = Release|Win32
		{08E0E35D-83A7-4491-B39D-703E8A7DAFFC}.Debug|Win32.Build.0 = Release|Win32
		{08E0E35D-83A7-4491-B39D-703E8A7DAFFC}.Debug|x64.ActiveCfg = Release|Win32
		{08E0E35D-83A7-4491-B39D-703E8A7DAFFC}.Debug|x64.Build.0 = Release|Win32
		{08E0E35D-83A7-4491-B39D-703E8A7DAFFC}.Release|Win32.ActiveCfg = Release|Win32
		{08E0E35D-83A7-4491-B39D-703E8A7DAFFC}.Release|Win32.Build.0 = Release|Win32
		{08E0E35D-83A7-4491-B39D-703E8A7DAFFC}.Release|x64.ActiveCfg = Release|Win32
		{D6D73914-3D30-4DBE-984F-A18B1CB27213}.Debug|Win32.ActiveCfg = Release|Win32
		{D6D73914-3D30-4DBE-984F-A18B1CB27213}.Debug|Win32.Build.0 = Release|Win32
		{D6D73914-3D30-4DBE-984F-A18B1CB27213}.Debug|x64.ActiveCfg = Release|Win32
		{D6D73914-3D30-4DBE-984F-A18B1CB27213}.Debug|x64.Build.0 = Release|Win32
		{D6D73914-3D30-4DBE-984F-A18B1CB27213}.Release|Win32.ActiveCfg = Release|Win32
		{D6D73914-3D30-4DBE-984F-A18B1CB27213}.Release|Win32.Build.0 = Release|Win32
		{D6D73914-3D30-4DBE-984F-A18B1CB27213}.Release|x64.ActiveCfg = Release|Win32
		{81A916BC-1E0C-47B0-A685-B3EBF790DAA4}.Debug|Win32.ActiveCfg = Release|Win32
		{81A916BC-1E0C-47B0-A685-B3EBF790DAA4}.Debug|Win32.Build.0 = Release|Win32
		{81A916BC-1E0C-47B0-A685-B3EBF790DAA4}.Debug|x64.ActiveCfg = Release|Win32
		{81A916BC-1E0C-47B0-A685-B3EBF790DAA4}.Debug|x64.Build.0 = Release|Win32
		{81A916BC-1E0C-47B0-A685-B3EBF790DAA4}.Release|Win32.ActiveCfg = Release|Win32
		{81A916BC-1E0C-47B0-A685-B3EBF790DAA4}.Release|Win32.Build.0 = Release|Win32
		{81A916BC-1E0C-47B0-A685-B3EBF790DAA4}.Release|x64.ActiveCfg = Release|Win32
		{B18FCA10-6089-4C5E-A164-BFB687159936}.Debug|Win32.ActiveCfg = Release|Win32
		{B18FCA10-6089-4C5E-A164-BFB687159936}.Debug|Win32.Build.0 = Release|Win32
		{B18FCA10-6089-4C5E-A164-BFB687159936}.Debug|x64.ActiveCfg = Release|Win32
		{B18FCA10-6089-4C5E-A164-BFB687159936}.Debug|x64.Build.0 = Release|Win32
		{B18FCA10-6089-4C5E-A164-BFB687159936}.Release|Win32.ActiveCfg = Release|Win32
		{B18FCA10-6089-4C5E-A164-BFB687159936}.Release|Win32.Build.0 = Release|Win32
		{B18FCA10-6089-4C5E-A164-BFB687159936}.Release|x64.ActiveCfg = Release|Win32
		{7205031D-D658-41C0-8100-9B2AF2FD06A0}.Debug|Win32.ActiveCfg = Release|Win32
		{7205031D-D658-41C0-8100-9B2AF2FD06A0}.Debug|Win32.Build.0 = Release|Win32
		{7205031D-D658-41C0-8100-9B2AF2FD06A0}.Debug|x64.ActiveCfg = Release|Win32
		{7205031D-D658-41C0-8100-9B2AF2FD06A0}.Debug|x64.Build.0 = Release|Win32
		{7205031D-D658-41C0-8100-9B2AF2FD06A0}.Release|Win32.ActiveCfg = Release|Win32
		{7205031D-D658-41C0-8100-9B2AF2FD06A0}.Release|Win32.Build.0 = Release|Win32
		{7205031D-D658-41C0-8100-9B2AF2FD06A0}.Release|x64.ActiveCfg = Release|Win32
		{8E104C79-88D5-4BCB-B642-2F0FE3D67A3E}.Debug|Win32.ActiveCfg = Release|Win32
		{8E104C79-88D5-4BCB-B642-2F0FE3D67A3E}.Debug|Win32.Build.0 = Release|Win32
		{8E104C79-88D5-4BCB-B642-2F0FE3D67A3E}.Debug|x64.ActiveCfg = Release|Win32
		{8E104C79-88D5-4BCB-B642-2F0FE3D67A3E}.Debug|x64.Build.0 = Release|Win32
		{8E104C79-88D5-4BCB-B642-2F0FE3D67A3E}.Release|Win32.ActiveCfg = Release|Win32
		{8E104C79-88D5-4BCB-B642-2F0FE3D67A3E}.Release|Win32.Build.0 = Release|Win32
		{8E104C79-88D5-4BCB-B642-2F0FE3D67A3E}.Release|x64.ActiveCfg = Release|Win32
		{5243D56B-8FBC-4CCA-A24A-5CC4FC0B71B7}.Debug|Win32.ActiveCfg = Release|Win32
		{5243D56B-8FBC-4CCA-A24A-5CC4FC0B71B7}.Debug|Win32.Build.0 = Release|Win32
		{5243D56B-8FBC-4CCA-A24A-5CC4FC0B71B7}.Debug|x64.ActiveCfg = Release|Win32
		{5243D56B-8FBC-4CCA-A24A-5CC4FC0B71B7}.Debug|x64.Build.0 = Release|Win32
		{5243D56B-8FBC-4CCA-A24A-5CC4FC0B71B7}.Release|Win32.ActiveCfg = Release|Win32
		{5243D56B-8FBC-4CCA-A24A-5CC4FC0B71B7}.Release|Win32.Build.0 = Release|Win32
		{5243D56B-8FBC-4CCA-A24A-5CC4FC0B71B7}.Release|x64.ActiveCfg = Release|Win32
		{6668FF00-B6C2-4B11-98BD-4A84559BE7A2}.Debug|Win32.ActiveCfg = Release|Win32
		{6668FF00-B6C2-4B11-98BD-4A84559BE7A2}.Debug|Win32.Build.0 = Release|Win32
		{6668FF00-B6C2-4B11-98BD-4A84559BE7A2}.Debug|x64.ActiveCfg = Release|Win32
		{6668FF00-B6C2-4B11-98BD-4A84559BE7A2}.Debug|x64.Build.0 = Release|Win32
		{6668FF00-B6C2-4B11-98BD-4A84559BE7A2}.Release|Win32.ActiveCfg = Release|Win32
		{6668FF00-B6C2-4B11-98BD-4A84559BE7A2}.Release|Win32.Build.0 = Release|Win32
		{6668FF00-B6C2-4B11-98BD-4A84559BE7A2}.Release|x64.ActiveCfg = Release|Win32
		{33AB56F6-EA8D-4E08-8D2F-83C01A35AC8A}.Debug|Win32.ActiveCfg = Release|Win32
		{33AB56F6-EA8D-4E08-8D2F-83C01A35AC8A}.Debug|Win32.Build.0 = Release|Win32
		{33AB56F6-EA8D-4E08-8D2F-83C01A35AC8A}.Debug|x64.ActiveCfg = Release|Win32
		{33AB56F6-EA8D-4E08-8D2F-83C01A35AC8A}.Debug|x64.Build.0 = Release|Win32
		{33AB56F6-EA8D-4E08-8D2F-83C01A35AC8A}.Release|Win32.ActiveCfg = Release|Win32
		{33AB56F6-EA8D-4E08-8D2F-83C01A35AC8A}.Release|Win32.Build.0 = Release|Win32
		{33AB56F6-EA8D-4E08-8D2F-83C01A35AC8A}.Release|x64.ActiveCfg = Release|Win32
		{193D134B-92B3-4FAB-9B9D-D3A626036CFA}.Debug|Win32.ActiveCfg = Release|Win32
		{193D134B-92B3-4FAB-9B9D-D3A626036CFA}.Debug|Win32.Build.0 = Release|Win32
		{193D134B-92B3-4FAB-9B9D-D3A626036CFA}.Debug|x64.ActiveCfg = Release|Win32
		{193D134B-92B3-4FAB-9B9D-D3A626036CFA}.Debug|x64.Build.0 = Release|Win32
		{193D134B-92B3-4FAB-9B9D-D3A626036CFA}.Release|Win32.ActiveCfg = Release|Win32
		{193D134B-92B3-4FAB-9B9D-D3A626036CFA}.Release|Win32.Build.0 = Release|Win32
		{193D134B-92B3-4FAB-9B9D-D3A626036CFA}.Release|x64.ActiveCfg = Release|Win32
		{BEDBAACC-325B-4086-8909-2C1386A8CAE3}.Debug|Win32.ActiveCfg = Release|Win32
		{BEDBAACC-325B-4086-8909-2C1386A8CAE3}.Debug|Win32.Build.0 = Release|Win32
		{BEDBAACC-325B-4086-8909-2C1386A8CAE3}.Debug|x64.ActiveCfg = Release|Win32
		{BEDBAACC-325B-4086-8909-2C1386A8CAE3}.Debug|x64.Build.0 = Release|Win32
		{BEDBAACC-325B-4086-8909-2C1386A8CAE3}.Release|Win32.ActiveCfg = Release|Win32
		{BEDBAACC-325B-4086-8909-2C1386A8CAE3}.Release|Win32.Build.0 = Release|Win32
		{BEDBAACC-325B-4086-8909-2C1386A8CAE3}.Release|x64.ActiveCfg = Release|Win32
		{FC296510-75D2-40C2-88AC-C12DA778B0F4}.Debug|Win32.ActiveCfg = Release|Win32
		{FC296510-75D2-40C2-88AC-C12DA778B0F4}.Debug|Win32.Build.0 = Release|Win32
		{FC296510-75D2-40C2-88AC-C12DA778B0F4}.Debug|x64.ActiveCfg = Release|Win32
		{FC296510-75D2-40C2-88AC-C12DA778B0F4}.Debug|x64.Build.0 = Release|Win32
		{FC296510-75D2-40C2-88AC-C12DA778B0F4}.Release|Win32.ActiveCfg = Release|Win32
		{FC296510-75D2-40C2-88AC-C12DA778B0F4}.Release|Win32.Build.0 = Release|Win32
		{FC296510-75D2-40C2-88AC-C12DA778B0F4}.Release|x64.ActiveCfg = Release|Win32
		{0AF17331-A21D-4257-8F2E-E5E81FB7CB89}.Debug|Win32.ActiveCfg = Release|Win32
		{0AF17331-A21D-4257-8F2E-E5E81FB7CB89}.Debug|Win32.Build.0 = Release|Win32
		{0AF17331-A21D-4257-8F2E-E5E81FB7CB89}.Debug|x64.ActiveCfg = Release|Win32
		{0AF17331-A21D-4257-8F2E-E5E81FB7CB89}.Debug|x64.Build.0 = Release|Win32
		{0AF17331-A21D-4257-8F2E-E5E81FB7CB89}.Release|Win32.ActiveCfg = Release|Win32
		{0AF17331-A21D-4257-8F2E-E5E81FB7CB89}.Release|Win32.Build.0 = Release|Win32
		{0AF17331-A21D-4257-8F2E-E5E81FB7CB89}.Release|x64.ActiveCfg = Release|Win32
		{AC092214-E61C-4E4B-A904-AFE5209570EB}.Debug|Win32.ActiveCfg = Release|Win32
		{AC092214-E61C-4E4B-A904-AFE5209570EB}.Debug|Win32.Build.0 = Release|Win32
		{AC092214-E61C-4E4B-A904-AFE5209570EB}.Debug|x64.ActiveCfg = Release|Win32
		{AC092214-E61C-4E4B-A904-AFE5209570EB}.Debug|x64.Build.0 = Release|Win32
		{AC092214-E61C-4E4B-A904-AFE5209570EB}.Release|Win32.ActiveCfg = Release|Win32
		{AC092214-E61C-4E4B-A904-AFE5209570EB}.Release|Win32.Build.0 = Release|Win32
		{AC092214-E61C-4E4B-A904-AFE5209570EB}.Release|x64.ActiveCfg = Release|Win32
		{B988A4E3-1466-4BD8-986D-CE1CBF49580C}.Debug|Win32.ActiveCfg = Release|Win32
		{B988A4E3-1466-4BD8-986D-CE1CBF49580C}.Debug|Win32.Build.0 = Release|Win32
		{B988A4E3-1466-4BD8-986D-CE1CBF49580C}.Debug|x64.ActiveCfg = Release|Win32
		{B988A4E3-1466-4BD8-986D-CE1CBF49580C}.Debug|x64.Build.0 = Release|Win32
		{B988A4E3-1466-4BD8-986D-CE1CBF49580C}.Release|Win32.ActiveCfg = Release|Win32
		{B988A4E3-1466-4BD8-986D-CE1CBF49580C}.Release|Win32.Build.0 = Release|Win32
		{B988A4E3-1466-4BD8-986D-CE1CBF49580C}.Release|x64.ActiveCfg = Release|Win32
		{E57D39F3-B92A-4126-AF2C-09C7CE36E741}.Debug|Win32.ActiveCfg = Release|Win32
		{E57D39F3-B92A-4126-AF2C-09C7CE36E741}.Debug|Win32.Build.0 = Release|Win32
		{E57D39F3-B92A-4126-AF2C-09C7CE36E741}.Debug|x64.ActiveCfg = Release|Win32
		{E57D39F3-B92A-4126-AF2C-09C7CE36E741}.Debug|x64.Build.0 = Release|Win32
		{E57D39F3-B92A-4126-AF2C-09C7CE36E741}.Release|Win32.ActiveCfg = Release|Win32
		{E57D39F3-B92A-4126-AF2C-09C7CE36E741}.Release|Win32.Build.0 = Release|Win32
		{E57D39F3-B92A-4126-AF2C-09C7CE36E741}.Release|x64.ActiveCfg = Release|Win32
		{FD057819-96EB-381C-00D4-BDD12463EBFF}.Debug|Win32.ActiveCfg = Release|Win32
		{FD057819-96EB-381C-00D4-BDD12463EBFF}.Debug|Win32.Build.0 = Release|Win32
		{FD057819-96EB-381C-00D4-BDD12463EBFF}.Debug|x64.ActiveCfg = Release|Win32
		{FD057819-96EB-381C-00D4-BDD12463EBFF}.Debug|x64.Build.0 = Release|Win32
		{FD057819-96EB-381C-00D4-BDD12463EBFF}.Release|Win32.ActiveCfg = Release|Win32
		{FD057819-96EB-381C-00D4-BDD12463EBFF}.Release|Win32.Build.0 = Release|Win32
		{FD057819-96EB-381C-00D4-BDD12463EBFF}.Release|x64.ActiveCfg = Release|Win32
		{885D76BC-83AD-49DA-96F7-5684624B3922}.Debug|Win32.ActiveCfg = Release|Win32
		{885D76BC-83AD-49DA-96F7-5684624B3922}.Debug|Win32.Build.0 = Release|Win32
		{885D76BC-83AD-49DA-96F7-5684624B3922}.Debug|x64.ActiveCfg = Release|Win32
		{885D76BC-83AD-49DA-96F7-5684624B3922}.Debug|x64.Build.0 = Release|Win32
		{885D76BC-83AD-49DA-96F7-5684624B3922}.Release|Win32.ActiveCfg = Release|Win32
		{885D76BC-83AD-49DA-96F7-5684624B3922}.Release|Win32.Build.0 = Release|Win32
		{885D76BC-83AD-49DA-96F7-5684624B3922}.Release|x64.ActiveCfg = Release|Win32
		{16B7FBD8-6516-4565-89D0-AAECE936340D}.Debug|Win32.ActiveCfg = Release|Win32
		{16B7FBD8-6516-4565-89D0-AAECE936340D}.Debug|Win32.Build.0 = Release|Win32
		{16B7FBD8-6516-4565-89D0-AAECE936340D}.Debug|x64.ActiveCfg = Release|Win32
		{16B7FBD8-6516-4565-89D0-AAECE936340D}.Debug|x64.Build.0 = Release|Win32
		{16B7FBD8-6516-4565-89D0-AAECE936340D}.Release|Win32.ActiveCfg = Release|Win32
		{16B7FBD8-6516-4565-89D0-AAECE936340D}.Release|Win32.Build.0 = Release|Win32
		{16B7FBD8-6516-4565-89D0-AAECE936340D}.Release|x64.ActiveCfg = Release|Win32
		{9DE9F8DD-F6E6-4234-9C9A-E8A7EA4992FC}.Debug|Win32.ActiveCfg = Release|Win32
		{9DE9F8DD-F6E6-4234-9C9A-E8A7EA4992FC}.Debug|Win32.Build.0 = Release|Win32
		{9DE9F8DD-F6E6-4234-9C9A-E8A7EA4992FC}.Debug|x64.ActiveCfg = Release|Win32
		{9DE9F8DD-F6E6-4234-9C9A-E8A7EA4992FC}.Debug|x64.Build.0 = Release|Win32
		{9DE9F8DD-F6E6-4234-9C9A-E8A7EA4992FC}.Release|Win32.ActiveCfg = Release|Win32
		{9DE9F8DD-F6E6-4234-9C9A-E8A7EA4992FC}.Release|Win32.Build.0 = Release|Win32
		{9DE9F8DD-F6E6-4234-9C9A-E8A7EA4992FC}.Release|x64.ActiveCfg = Release|Win32
		{70B307F9-224A-1FF7-BD93-71665DC9F6AE}.Debug|Win32.ActiveCfg = Release|Win32
		{70B307F9-224A-1FF7-BD93-71665DC9F6AE}.Debug|Win32.Build.0 = Release|Win32
		{70B307F9-224A-1FF7-BD93-71665DC9F6AE}.Debug|x64.ActiveCfg = Release|Win32
		{70B307F9-224A-1FF7-BD93-71665DC9F6AE}.Debug|x64.Build.0 = Release|Win32
		{70B307F9-224A-1FF7-BD93-71665DC9F6AE}.Release|Win32.ActiveCfg = Release|Win32
		{70B307F9-224A-1FF7-BD93-71665DC9F6AE}.Release|Win32.Build.0 = Release|Win32
		{70B307F9-224A-1FF7-BD93-71665DC9F6AE}.Release|x64.ActiveCfg = Release|Win32
		{AFF846F0-C9C5-4CFB-9A67-C93B0983DD9A}.Debug|Win32.ActiveCfg = Release|Win32
		{AFF846F0-C9C5-4CFB-9A67-C93B0983DD9A}.Debug|Win32.Build.0 = Release|Win32
		{AFF846F0-C9C5-4CFB-9A67-C93B0983DD9A}.Debug|x64.ActiveCfg = Release|Win32
		{AFF846F0-C9C5-4CFB-9A67-C93B0983DD9A}.Debug|x64.Build.0 = Release|Win32
		{AFF846F0-C9C5-4CFB-9A67-C93B0983DD9A}.Release|Win32.ActiveCfg = Release|Win32
		{AFF846F0-C9C5-4CFB-9A67-C93B0983DD9A}.Release|Win32.Build.0 = Release|Win32
		{AFF846F0-C9C5-4CFB-9A67-C93B0983DD9A}.Release|x64.ActiveCfg = Release|Win32
		{D4F0B056-A6D1-4044-8FC7-40AE2DEB13B9}.Debug|Win32.ActiveCfg = Release|Win32
		{D4F0B056-A6D1-4044-8FC7-40AE2DEB13B9}.Debug|Win32.Build.0 = Release|Win32
		{D4F0B056-A6D1-4044-8FC7-40AE2DEB13B9}.Debug|x64.ActiveCfg = Release|Win32
		{D4F0B056-A6D1-4044-8FC7-40AE2DEB13B9}.Debug|x64.Build.0 = Release|Win32
		{D4F0B056-A6D1-4044-8FC7-40AE2DEB13B9}.Release|Win32.ActiveCfg = Release|Win32
		{D4F0B056-A6D1-4044-8FC7-40AE2DEB13B9}.Release|Win32.Build.0 = Release|Win32
		{D4F0B056-A6D1-4044-8FC7-40AE2DEB13B9}.Release|x64.ActiveCfg = Release|Win32
		{C87DF027-D614-1E91-A12A-F5F3A800E447}.Debug|Win32.ActiveCfg = Release|Win32
		{C87DF027-D614-1E91-A12A-F5F3A800E447}.Debug|Win32.Build.0 = Release|Win32
		{C87DF027-D614-1E91-A12A-F5F3A800E447}.Debug|x64.ActiveCfg = Release|Win32
		{C87DF027-D614-1E91-A12A-F5F3A800E447}.Debug|x64.Build.0 = Release|Win32
		{C87DF027-D614-1E91-A12A-F5F3A800E447}.Release|Win32.ActiveCfg = Release|Win32
		{C87DF027-D614-1E91-A12A-F5F3A800E447}.Release|Win32.Build.0 = Release|Win32
		{C87DF027-D614-1E91-A12A-F5F3A800E447}.Release|x64.ActiveCfg = Release|Win32
		{972EE0C9-2686-E2D9-7DC6-1668C4C01326}.Debug|Win32.ActiveCfg = Release|Win32
		{972EE0C9-2686-E2D9-7DC6-1668C4C01326}.Debug|Win32.Build.0 = Release|Win32
		{972EE0C9-2686-E2D9-7DC6-1668C4C01326}.Debug|x64.ActiveCfg = Release|Win32
		{972EE0C9-2686-E2D9-7DC6-1668C4C01326}.Debug|x64.Build.0 = Release|Win32
		{972EE0C9-2686-E2D9-7DC6-1668C4C01326}.Release|Win32.ActiveCfg = Release|Win32
		{972EE0C9-2686-E2D9-7DC6-1668C4C01326}.Release|Win32.Build.0 = Release|Win32
		{972EE0C9-2686-E2D9-7DC6-1668C4C01326}.Release|x64.ActiveCfg = Release|Win32
		{AA13000E-587F-9444-C2AE-D3CF07330C68}.Debug|Win32.ActiveCfg = Release|Win32
		{AA13000E-587F-9444-C2AE-D3CF07330C68}.Debug|Win32.Build.0 = Release|Win32
		{AA13000E-587F-9444-C2AE-D3CF07330C68}.Debug|x64.ActiveCfg = Release|Win32
		{AA13000E-587F-9444-C2AE-D3CF07330C68}.Debug|x64.Build.0 = Release|Win32
		{AA13000E-587F-9444-C2AE-D3CF07330C68}.Release|Win32.ActiveCfg = Release|Win32
		{AA13000E-587F-9444-C2AE-D3CF07330C68}.Release|Win32.Build.0 = Release|Win32
		{AA13000E-587F-9444-C2AE-D3CF07330C68}.Release|x64.ActiveCfg = Release|Win32
		{42C1B52D-C43E-533A-F9D8-FECC32D2E728}.Debug|Win32.ActiveCfg = Release|Win32
		{42C1B52D-C43E-533A-F9D8-FECC32D2E728}.Debug|Win32.Build.0 = Release|Win32
		{42C1B52D-C43E-533A-F9D8-FECC32D2E728}.Debug|x64.ActiveCfg = Release|Win32
		{42C1B52D-C43E-533A-F9D8-FECC32D2E728}.Debug|x64.Build.0 = Release|Win32
		{42C1B52D-C43E-533A-F9D8-FECC32D2E728}.Release|Win32.ActiveCfg = Release|Win32
		{42C1B52D-C43E-533A-F9D8-FECC32D2E728}.Release|Win32.Build.0 = Release|Win32
		{42C1B52D-C43E-533A-F9D8-FECC32D2E728}.Release|x64.ActiveCfg = Release|Win32
		{771E0E01-4A68-0250-EA95-42214F8D41E9}.Debug|Win32.ActiveCfg = Release|Win32
		{771E0E01-4A68-0250-EA95-42214F8D41E9}.Debug|Win32.Build.0 = Release|Win32
		{771E0E01-4A68-0250-EA95-42214F8D41E9}.Debug|x64.ActiveCfg = Debug|Win32
		{771E0E01-4A68-0250-EA95-42214F8D41E9}.Release|Win32.ActiveCfg = Release|Win32
		{771E0E01-4A68-0250-EA95-42214F8D41E9}.Release|Win32.Build.0 = Release|Win32
		{771E0E01-4A68-0250-EA95-42214F8D41E9}.Release|x64.ActiveCfg = Release|Win32
		{2F1BA493-40DB-A17B-1429-18FE08D79FD7}.Debug|Win32.ActiveCfg = Release|Win32
		{2F1BA493-40DB-A17B-1429-18FE08D79FD7}.Debug|Win32.Build.0 = Release|Win32
		{2F1BA493-40DB-A17B-1429-18FE08D79FD7}.Debug|x64.ActiveCfg = Release|Win32
		{2F1BA493-40DB-A17B-1429-18FE08D79FD7}.Debug|x64.Build.0 = Release|Win32
		{2F1BA493-40DB-A17B-1429-18FE08D79FD7}.Release|Win32.ActiveCfg = Release|Win32
		{2F1BA493-40DB-A17B-1429-18FE08D79FD7}.Release|Win32.Build.0 = Release|Win32
		{2F1BA493-40DB-A17B-1429-18FE08D79FD7}.Release|x64.ActiveCfg = Release|Win32
		{8FB0012E-3788-E0CD-7BD7-CF90FDA1CCF7}.Debug|Win32.ActiveCfg = Release|Win32
		{8FB0012E-3788-E0CD-7BD7-CF90FDA1CCF7}.Debug|Win32.Build.0 = Release|Win32
		{8FB0012E-3788-E0CD-7BD7-CF90FDA1CCF7}.Debug|x64.ActiveCfg = Release|Win32
		{8FB0012E-3788-E0CD-7BD7-CF90FDA1CCF7}.Debug|x64.Build.0 = Release|Win32
		{8FB0012E-3788-E0CD-7BD7-CF90FDA1CCF7}.Release|Win32.ActiveCfg = Release|Win32
		{8FB0012E-3788-E0CD-7BD7-CF90FDA1CCF7}.Release|Win32.Build.0 = Release|Win32
		{8FB0012E-3788-E0CD-7BD7-CF90FDA1CCF7}.Release|x64.ActiveCfg = Release|Win32
		{147FFD01-1A0A-F502-BB24-3710A8F2F641}.Debug|Win32.ActiveCfg = Release|Win32
		{147FFD01-1A0A-F502-BB24-3710A8F2F641}.Debug|Win32.Build.0 = Release|Win32
		{147FFD01-1A0A-F502-BB24-3710A8F2F641}.Debug|x64.ActiveCfg = Release|Win32
		{147FFD01-1A0A-F502-BB24-3710A8F2F641}.Debug|x64.Build.0 = Release|Win32
		{147FFD01-1A0A-F502-BB24-3710A8F2F641}.Release|Win32.ActiveCfg = Release|Win32
		{147FFD01-1A0A-F502-BB24-3710A8F2F641}.Release|Win32.Build.0 = Release|Win32
		{147FFD01-1A0A-F502-BB24-3710A8F2F641}.Release|x64.ActiveCfg = Release|Win32
		{6BB09DDB-5645-0E66-F92F-A9BFF235957A}.Debug|Win32.ActiveCfg = Release|Win32
		{6BB09DDB-5645-0E66-F92F-A9BFF235957A}.Debug|Win32.Build.0 = Release|Win32
		{6BB09DDB-5645-0E66-F92F-A9BFF235957A}.Debug|x64.ActiveCfg = Release|Win32
		{6BB09DDB-5645-0E66-F92F-A9BFF235957A}.Debug|x64.Build.0 = Release|Win32
		{6BB09DDB-5645-0E66-F92F-A9BFF235957A}.Release|Win32.ActiveCfg = Release|Win32
		{6BB09DDB-5645-0E66-F92F-A9BFF235957A}.Release|Win32.Build.0 = Release|Win32
		{6BB09DDB-5645-0E66-F92F-A9BFF235957A}.Release|x64.ActiveCfg = Release|Win32
		{4019E311-4E40-7598-76B9-6D407C8F58C9}.Debug|Win32.ActiveCfg = Release|Win32
		{4019E311-4E40-7598-76B9-6D407C8F58C9}.Debug|Win32.Build.0 = Release|Win32
		{4019E311-4E40-7598-76B9-6D407C8F58C9}.Debug|x64.ActiveCfg = Release|Win32
		{4019E311-4E40-7598-76B9-6D407C8F58C9}.Debug|x64.Build.0 = Release|Win32
		{4019E311-4E40-7598-76B9-6D407C8F58C9}.Release|Win32.ActiveCfg = Release|Win32
		{4019E311-4E40-7598-76B9-6D407C8F58C9}.Release|Win32.Build.0 = Release|Win32
		{4019E311-4E40-7598-76B9-6D407C8F58C9}.Release|x64.ActiveCfg = Release|Win32
		{4954BA09-DA27-0726-53F3-0DB2BC5D860A}.Debug|Win32.ActiveCfg = Release|Win32
		{4954BA09-DA27-0726-53F3-0DB2BC5D860A}.Debug|Win32.Build.0 = Release|Win32
		{4954BA09-DA27-0726-53F3-0DB2BC5D860A}.Debug|x64.ActiveCfg = Release|Win32
		{4954BA09-DA27-0726-53F3-0DB2BC5D860A}.Debug|x64.Build.0 = Release|Win32
		{4954BA09-DA27-0726-53F3-0DB2BC5D860A}.Release|Win32.ActiveCfg = Release|Win32
		{4954BA09-DA27-0726-53F3-0DB2BC5D860A}.Release|Win32.Build.0 = Release|Win32
		{4954BA09-DA27-0726-53F3-0DB2BC5D860A}.Release|x64.ActiveCfg = Release|Win32
		{E85CE11A-595D-ACA9-7622-49D96B9037E3}.Debug|Win32.ActiveCfg = Release|Win32
		{E85CE11A-595D-ACA9-7622-49D96B9037E3}.Debug|Win32.Build.0 = Release|Win32
		{E85CE11A-595D-ACA9-7622-49D96B9037E3}.Debug|x64.ActiveCfg = Release|Win32
		{E85CE11A-595D-ACA9-7622-49D96B9037E3}.Debug|x64.Build.0 = Release|Win32
		{E85CE11A-595D-ACA9-7622-49D96B9037E3}.Release|Win32.ActiveCfg = Release|Win32
		{E85CE11A-595D-ACA9-7622-49D96B9037E3}.Release|Win32.Build.0 = Release|Win32
		{E85CE11A-595D-ACA9-7622-49D96B9037E3}.Release|x64.ActiveCfg = Release|Win32
		{14F3F4E6-8D9B-466D-9F66-1E6C2FF0005C}.Debug|Win32.ActiveCfg = Release|Win32
		{14F3F4E6-8D9B-466D-9F66-1E6C2FF0005C}.Debug|Win32.Build.0 = Release|Win32
		{14F3F4E6-8D9B-466D-9F66-1E6C2FF0005C}.Debug|x64.ActiveCfg = Release|Win32
		{14F3F4E6-8D9B-466D-9F66-1E6C2FF0005C}.Debug|x64.Build.0 = Release|Win32
		{14F3F4E6-8D9B-466D-9F66-1E6C2FF0005C}.Release|Win32.ActiveCfg = Release|Win32
		{14F3F4E6-8D9B-466D-9F66-1E6C2FF0005C}.Release|Win32.Build.0 = Release|Win32
		{14F3F4E6-8D9B-466D-9F66-1E6C2FF0005C}.Release|x64.ActiveCfg = Release|Win32
		{AC9851A3-A60B-51C1-8BA7-0C116C238720}.Debug|Win32.ActiveCfg = Release|Win32
		{AC9851A3-A60B-51C1-8BA7-0C116C238720}.Debug|Win32.Build.0 = Release|Win32
		{AC9851A3-A60B-51C1-8BA7-0C116C238720}.Debug|x64.ActiveCfg = Release|Win32
		{AC9851A3-A60B-51C1-8BA7-0C116C238720}.Debug|x64.Build.0 = Release|Win32
		{AC9851A3-A60B-51C1-8BA7-0C116C238720}.Release|Win32.ActiveCfg = Release|Win32
		{AC9851A3-A60B-51C1-8BA7-0C116C238720}.Release|Win32.Build.0 = Release|Win32
		{AC9851A3-A60B-51C1-8BA7-0C116C238720}.Release|x64.ActiveCfg = Release|Win32
		{18663297-C5BB-7635-D094-AE3451C24A0B}.Debug|Win32.ActiveCfg = Release|Win32
		{18663297-C5BB-7635-D094-AE3451C24A0B}.Debug|Win32.Build.0 = Release|Win32
		{18663297-C5BB-7635-D094-AE3451C24A0B}.Debug|x64.ActiveCfg = Release|Win32
		{18663297-C5BB-7635-D094-AE3451C24A0B}.Debug|x64.Build.0 = Release|Win32
		{18663297-C5BB-7635-D094-AE3451C24A0B}.Release|Win32.ActiveCfg = Release|Win32
		{18663297-C5BB-7635-D094-AE3451C24A0B}.Release|Win32.Build.0 = Release|Win32
		{18663297-C5BB-7635-D094-AE3451C24A0B}.Release|x64.ActiveCfg = Release|Win32
		{CA99F70E-64DF-6723-16C6-CBF682324A59}.Debug|Win32.ActiveCfg = Release|Win32
		{CA99F70E-64DF-6723-16C6-CBF682324A59}.Debug|Win32.Build.0 = Release|Win32
		{CA99F70E-64DF-6723-16C6-CBF682324A59}.Debug|x64.ActiveCfg = Release|Win32
		{CA99F70E-64DF-6723-16C6-CBF682324A59}.Debug|x64.Build.0 = Release|Win32
		{CA99F70E-64DF-6723-16C6-CBF682324A59}.Release|Win32.ActiveCfg = Release|Win32
		{CA99F70E-64DF-6723-16C6-CBF682324A59}.Release|Win32.Build.0 = Release|Win32
		{CA99F70E-64DF-6723-16C6-CBF682324A59}.Release|x64.ActiveCfg = Release|Win32
		{93BAA5C7-DF41-C40B-0238-FC1B3EA486EF}.Debug|Win32.ActiveCfg = Release|Win32
		{93BAA5C7-DF41-C40B-0238-FC1B3EA486EF}.Debug|Win32.Build.0 = Release|Win32
		{93BAA5C7-DF41-C40B-0238-FC1B3EA486EF}.Debug|x64.ActiveCfg = Release|Win32
		{93BAA5C7-DF41-C40B-0238-FC1B3EA486EF}.Debug|x64.Build.0 = Release|Win32
		{93BAA5C7-DF41-C40B-0238-FC1B3EA486EF}.Release|Win32.ActiveCfg = Release|Win32
		{93BAA5C7-DF41-C40B-0238-FC1B3EA486EF}.Release|Win32.Build.0 = Release|Win32
		{93BAA5C7-DF41-C40B-0238-FC1B3EA486EF}.Release|x64.ActiveCfg = Release|Win32
		{F96C4FD8-B3A8-4FE5-9B34-E171EF5CBA60}.Debug|Win32.ActiveCfg = Debug|Win32
		{F96C4FD8-B3A8-4FE5-9B34-E171EF5CBA60}.Debug|Win32.Build.0 = Debug|Win32
		{F96C4FD8-B3A8-4FE5-9B34-E171EF5CBA60}.Debug|x64.ActiveCfg = Debug|Win32
		{F96C4FD8-B3A8-4FE5-9B34-E171EF5CBA60}.Release|Win32.ActiveCfg = Release|Win32
		{F96C4FD8-B3A8-4FE5-9B34-E171EF5CBA60}.Release|Win32.Build.0 = Release|Win32
		{F96C4FD8-B3A8-4FE5-9B34-E171EF5CBA60}.Release|x64.ActiveCfg = Release|Win32
		{E9421A44-EEF7-4263-B00B-3EB10A227960}.Debug|Win32.ActiveCfg = Release|Win32
		{E9421A44-EEF7-4263-B00B-3EB10A227960}.Debug|Win32.Build.0 = Release|Win32
		{E9421A44-EEF7-4263-B00B-3EB10A227960}.Debug|x64.ActiveCfg = Release|Win32
		{E9421A44-EEF7-4263-B00B-3EB10A227960}.Debug|x64.Build.0 = Release|Win32
		{E9421A44-EEF7-4263-B00B-3EB10A227960}.Release|Win32.ActiveCfg = Release|Win32
		{E9421A44-EEF7-4263-B00B-3EB10A227960}.Release|Win32.Build.0 = Release|Win32
		{E9421A44-EEF7-4263-B00B-3EB10A227960}.Release|x64.ActiveCfg = Release|Win32
		{ABA82111-9799-4FF0-8261-B887394F8100}.Debug|Win32.ActiveCfg = Release|Win32
		{ABA82111-9799-4FF0-8261-B887394F8100}.Debug|Win32.Build.0 = Release|Win32
		{ABA82111-9799-4FF0-8261-B887394F8100}.Debug|x64.ActiveCfg = Release|Win32
		{ABA82111-9799-4FF0-8261-B887394F8100}.Debug|x64.Build.0 = Release|Win32
		{ABA82111-9799-4FF0-8261-B887394F8100}.Release|Win32.ActiveCfg = Release|Win32
		{ABA82111-9799-4FF0-8261-B887394F8100}.Release|Win32.Build.0 = Release|Win32
		{ABA82111-9799-4FF0-8261-B887394F8100}.Release|x64.ActiveCfg = Release|Win32
		{7BD5C576-8978-4137-AC3A-1A27006185C2}.Debug|Win32.ActiveCfg = Debug|Win32
		{7BD5C576-8978-4137-AC3A-1A27006185C2}.Debug|Win32.Build.0 = Debug|Win32
		{7BD5C576-8978-4137-AC3A-1A27006185C2}.Debug|x64.ActiveCfg = Debug|Win32
		{7BD5C576-8978-4137-AC3A-1A27006185C2}.Release|Win32.ActiveCfg = Release|Win32
		{7BD5C576-8978-4137-AC3A-1A27006185C2}.Release|Win32.Build.0 = Release|Win32
		{7BD5C576-8978-4137-AC3A-1A27006185C2}.Release|x64.ActiveCfg = Release|Win32
		{84CB5A85-6E1F-4C86-9BA8-2C7777F9E4E1}.Debug|Win32.ActiveCfg = Debug|Win32
		{84CB5A85-6E1F-4C86-9BA8-2C7777F9E4E1}.Debug|Win32.Build.0 = Debug|Win32
		{84CB5A85-6E1F-4C86-9BA8-2C7777F9E4E1}.Debug|x64.ActiveCfg = Debug|Win32
		{84CB5A85-6E1F-4C86-9BA8-2C7777F9E4E1}.Release|Win32.ActiveCfg = Release|Win32
		{84CB5A85-6E1F-4C86-9BA8-2C7777F9E4E1}.Release|Win32.Build.0 = Release|Win32
		{84CB5A85-6E1F-4C86-9BA8-2C7777F9E4E1}.Release|x64.ActiveCfg = Release|Win32
		{0559A729-F0FB-47AA-8C73-DA1AE8FE284E}.Debug|Win32.ActiveCfg = Release|Win32
		{0559A729-F0FB-47AA-8C73-DA1AE8FE284E}.Debug|Win32.Build.0 = Release|Win32
		{0559A729-F0FB-47AA-8C73-DA1AE8FE284E}.Debug|x64.ActiveCfg = Release|Win32
		{0559A729-F0FB-47AA-8C73-DA1AE8FE284E}.Debug|x64.Build.0 = Release|Win32
		{0559A729-F0FB-47AA-8C73-DA1AE8FE284E}.Release|Win32.ActiveCfg = Release|Win32
		{0559A729-F0FB-47AA-8C73-DA1AE8FE284E}.Release|Win32.Build.0 = Release|Win32
		{0559A729-F0FB-47AA-8C73-DA1AE8FE284E}.Release|x64.ActiveCfg = Release|Win32
		{AE71C943-0C0C-43E4-A708-5A2B4DECBA9D}.Debug|Win32.ActiveCfg = Release|Win32
		{AE71C943-0C0C-43E4-A708-5A2B4DECBA9D}.Debug|Win32.Build.0 = Release|Win32
		{AE71C943-0C0C-43E4-A708-5A2B4DECBA9D}.Debug|x64.ActiveCfg = Release|Win32
		{AE71C943-0C0C-43E4-A708-5A2B4DECBA9D}.Debug|x64.Build.0 = Release|Win32
		{AE71C943-0C0C-43E4-A708-5A2B4DECBA9D}.Release|Win32.ActiveCfg = Release|Win32
		{AE71C943-0C0C-43E4-A708-5A2B4DECBA9D}.Release|Win32.Build.0 = Release|Win32
		{AE71C943-0C0C-43E4-A708-5A2B4DECBA9D}.Release|x64.ActiveCfg = Release|Win32
		{F28BE032-CE55-4E50-8CA7-015E93E686DB}.Debug|Win32.ActiveCfg = Debug|Win32
		{F28BE032-CE55-4E50-8CA7-015E93E686DB}.Debug|Win32.Build.0 = Debug|Win32
		{F28BE032-CE55-4E50-8CA7-015E93E686DB}.Debug|x64.ActiveCfg = Debug|Win32
		{F28BE032-CE55-4E50-8CA7-015E93E686DB}.Release|Win32.ActiveCfg = Release|Win32
		{F28BE032-CE55-4E50-8CA7-015E93E686DB}.Release|Win32.Build.0 = Release|Win32
		{F28BE032-CE55-4E50-8CA7-015E93E686DB}.Release|x64.ActiveCfg = Release|Win32
		{2A0A06A4-E9C6-4229-82EE-BD2D4E0A7221}.Debug|Win32.ActiveCfg = Debug|Win32
		{2A0A06A4-E9C6-4229-82EE-BD2D4E0A7221}.Debug|Win32.Build.0 = Debug|Win32
		{2A0A06A4-E9C6-4229-82EE-BD2D4E0A7221}.Debug|x64.ActiveCfg = Debug|Win32
		{2A0A06A4-E9C6-4229-82EE-BD2D4E0A7221}.Release|Win32.ActiveCfg = Release|Win32
		{2A0A06A4-E9C6-4229-82EE-BD2D4E0A7221}.Release|Win32.Build.0 = Release|Win32
		{2A0A06A4-E9C6-4229-82EE-BD2D4E0A7221}.Release|x64.ActiveCfg = Release|Win32
		{D43171FB-8208-4E52-860A-6BAE2A2FA573}.Debug|Win32.ActiveCfg = Debug|Win32
		{D43171FB-8208-4E52-860A-6BAE2A2FA573}.Debug|Win32.Build.0 = Debug|Win32
		{D43171FB-8208-4E52-860A-6BAE2A2FA573}.Debug|x64.ActiveCfg = Debug|Win32
		{D43171FB-8208-4E52-860A-6BAE2A2FA573}.Release|Win32.ActiveCfg = Release|Win32
		{D43171FB-8208-4E52-860A-6BAE2A2FA573}.Release|Win32.Build.0 = Release|Win32
		{D43171FB-8208-4E52-860A-6BAE2A2FA573}.Release|x64.ActiveCfg = Release|Win32
		{BBE410C2-F564-4564-951B-9FADE9BA5041}.Debug|Win32.ActiveCfg = Debug|Win32
		{BBE410C2-F564-4564-951B-9FADE9BA5041}.Debug|Win32.Build.0 = Debug|Win32
		{BBE410C2-F564-4564-951B-9FADE9BA5041}.Debug|x64.ActiveCfg = Debug|Win32
		{BBE410C2-F564-4564-951B-9FADE9BA5041}.Release|Win32.ActiveCfg = Release|Win32
		{BBE410C2-F564-4564-951B-9FADE9BA5041}.Release|Win32.Build.0 = Release|Win32
		{BBE410C2-F564-4564-951B-9FADE9BA5041}.Release|x64.ActiveCfg = Release|Win32
		{9329D84C-D3D8-46DC-9023-F35B2F57238C}.Debug|Win32.ActiveCfg = Debug|Win32
		{9329D84C-D3D8-46DC-9023-F35B2F57238C}.Debug|Win32.Build.0 = Debug|Win32
		{9329D84C-D3D8-46DC-9023-F35B2F57238C}.Debug|x64.ActiveCfg = Debug|Win32
		{9329D84C-D3D8-46DC-9023-F35B2F57238C}.Release|Win32.ActiveCfg = Release|Win32
		{9329D84C-D3D8-46DC-9023-F35B2F57238C}.Release|Win32.Build.0 = Release|Win32
		{9329D84C-D3D8-46DC-9023-F35B2F57238C}.Release|x64.ActiveCfg = Release|Win32
		{E886F222-1A69-4352-906E-2999271C59A5}.Debug|Win32.ActiveCfg = Debug|Win32
		{E886F222-1A69-4352-906E-2999271C59A5}.Debug|Win32.Build.0 = Debug|Win32
		{E886F222-1A69-4352-906E-2999271C59A5}.Debug|x64.ActiveCfg = Debug|Win32
		{E886F222-1A69-4352-906E-2999271C59A5}.Release|Win32.ActiveCfg = Release|Win32
		{E886F222-1A69-4352-906E-2999271C59A5}.Release|Win32.Build.0 = Release|Win32
		{E886F222-1A69-4352-906E-2999271C59A5}.Release|x64.ActiveCfg = Release|Win32
		{B9BB2FA6-4C01-4A3C-920A-7B3D8C4E0DEE}.Debug|Win32.ActiveCfg = Debug|Win32
		{B9BB2FA6-4C01-4A3C-920A-7B3D8C4E0DEE}.Debug|Win32.Build.0 = Debug|Win32
		{B9BB2FA6-4C01-4A3C-920A-7B3D8C4E0DEE}.Debug|x64.ActiveCfg = Debug|Win32
		{B9BB2FA6-4C01-4A3C-920A-7B3D8C4E0DEE}.Release|Win32.ActiveCfg = Release|Win32
		{B9BB2FA6-4C01-4A3C-920A-7B3D8C4E0DEE}.Release|Win32.Build.0 = Release|Win32
		{B9BB2FA6-4C01-4A3C-920A-7B3D8C4E0DEE}.Release|x64.ActiveCfg = Release|Win32
		{F3077B9F-C8B6-441B-9A21-C76EA07CCE2B}.Debug|Win32.ActiveCfg = Debug|Win32
		{F3077B9F-C8B6-441B-9A21-C76EA07CCE2B}.Debug|Win32.Build.0 = Debug|Win32
		{F3077B9F-C8B6-441B-9A21-C76EA07CCE2B}.Debug|x64.ActiveCfg = Debug|Win32
		{F3077B9F-C8B6-441B-9A21-C76EA07CCE2B}.Release|Win32.ActiveCfg = Release|Win32
		{F3077B9F-C8B6-441B-9A21-C76EA07CCE2B}.Release|Win32.Build.0 = Release|Win32
		{F3077B9F-C8B6-441B-9A21-C76EA07CCE2B}.Release|x64.ActiveCfg = Release|Win32
		{8CF9409E-6F66-48B7-B370-0754F2184EB0}.Debug|Win32.ActiveCfg = Debug|Win32
		{8CF9409E-6F66-48B7-B370-0754F2184EB0}.Debug|Win32.Build.0 = Debug|Win32
		{8CF9409E-6F66-48B7-B370-0754F2184EB0}.Debug|x64.ActiveCfg = Debug|Win32
		{8CF9409E-6F66-48B7-B370-0754F2184EB0}.Release|Win32.ActiveCfg = Release|Win32
		{8CF9409E-6F66-48B7-B370-0754F2184EB0}.Release|Win32.Build.0 = Release|Win32
		{8CF9409E-6F66-48B7-B370-0754F2184EB0}.Release|x64.ActiveCfg = Release|Win32
		{FC765D31-8E9E-4171-84E2-307CB8931E06}.Debug|Win32.ActiveCfg = Debug|Win32
		{FC765D31-8E9E-4171-84E2-307CB8931E06}.Debug|Win32.Build.0 = Debug|Win32
		{FC765D31-8E9E-4171-84E2-307CB8931E06}.Debug|x64.ActiveCfg = Debug|Win32
		{FC765D31-8E9E-4171-84E2-307CB8931E06}.Release|Win32.ActiveCfg = Release|Win32
		{FC765D31-8E9E-4171-84E2-307CB8931E06}.Release|Win32.Build.0 = Release|Win32
		{FC765D31-8E9E-4171-84E2-307CB8931E06}.Release|x64.ActiveCfg = Release|Win32
		{60814EE3-1457-44A9-82D8-DBFF1B924CE4}.Debug|Win32.ActiveCfg = Debug|Win32
		{60814EE3-1457-44A9-82D8-DBFF1B924CE4}.Debug|Win32.Build.0 = Debug|Win32
		{60814EE3-1457-44A9-82D8-DBFF1B924CE4}.Debug|x64.ActiveCfg = Debug|Win32
		{60814EE3-1457-44A9-82D8-DBFF1B924CE4}.Release|Win32.ActiveCfg = Release|Win32
		{60814EE3-1457-44A9-82D8-DBFF1B924CE4}.Release|Win32.Build.0 = Release|Win32
		{60814EE3-1457-44A9-82D8-DBFF1B924CE4}.Release|x64.ActiveCfg = Release|Win32
		{423463E0-D7B6-4EBC-A371-38F8255153C0}.Debug|Win32.ActiveCfg = Debug|Win32
		{423463E0-D7B6-4EBC-A371-38F8255153C0}.Debug|Win32.Build.0 = Debug|Win32
		{423463E0-D7B6-4EBC-A371-38F8255153C0}.Debug|x64.ActiveCfg = Debug|Win32
		{423463E0-D7B6-4EBC-A371-38F8255153C0}.Release|Win32.ActiveCfg = Release|Win32
		{423463E0-D7B6-4EBC-A371-38F8255153C0}.Release|Win32.Build.0 = Release|Win32
		{423463E0-D7B6-4EBC-A371-38F8255153C0}.Release|x64.ActiveCfg = Release|Win32
		{1DA0A350-C188-4810-B903-3B603CA2E7D7}.Debug|Win32.ActiveCfg = Debug|Win32
		{1DA0A350-C188-4810-B903-3B603CA2E7D7}.Debug|Win32.Build.0 = Debug|Win32
		{1DA0A350-C188-4810-B903-3B603CA2E7D7}.Debug|x64.ActiveCfg = Debug|Win32
		{1DA0A350-C188-4810-B903-3B603CA2E7D7}.Release|Win32.ActiveCfg = Release|Win32
		{1DA0A350-C188-4810-B903-3B603CA2E7D7}.Release|Win32.Build.0 = Release|Win32
		{1DA0A350-C188-4810-B903-3B603CA2E7D7}.Release|x64.ActiveCfg = Release|Win32
		{32E25D12-3BDD-41D8-A4C9-63206E3BC053}.Debug|Win32.ActiveCfg = Debug|Win32
		{32E25D12-3BDD-41D8-A4C9-63206E3BC053}.Debug|Win32.Build.0 = Debug|Win32
		{32E25D12-3BDD-41D8-A4C9-63206E3BC053}.Debug|x64.ActiveCfg = Debug|Win32
		{32E25D12-3BDD-41D8-A4C9-63206E3BC053}.Release|Win32.ActiveCfg = Release|Win32
		{32E25D12-3BDD-41D8-A4C9-63206E3BC053}.Release|Win32.Build.0 = Release|Win32
		{32E25D12-3BDD-41D8-A4C9-63206E3BC053}.Release|x64.ActiveCfg = Release|Win32
		{BC2C195E-87B3-4974-A398-0E1FA51FBB8E}.Debug|Win32.ActiveCfg = Debug|Win32
		{BC2C195E-87B3-4974-A398-0E1FA51FBB8E}.Debug|Win32.Build.0 = Debug|Win32
		{BC2C195E-87B3-4974-A398-0E1FA51FBB8E}.Debug|x64.ActiveCfg = Debug|Win32
		{BC2C195E-87B3-4974-A398-0E1FA51FBB8E}.Release|Win32.ActiveCfg = Release|Win32
		{BC2C195E-87B3-4974-A398-0E1FA51FBB8E}.Release|Win32.Build.0 = Release|Win32
		{BC2C195E-87B3-4974-A398-0E1FA51FBB8E}.Release|x64.ActiveCfg = Release|Win32
		{E0A98D60-D694-4E6E-836B-E41AB5737D1D}.Debug|Win32.ActiveCfg = Debug|Win32
		{E0A98D60-D694-4E6E-836B-E41AB5737D1D}.Debug|Win32.Build.0 = Debug|Win32
		{E0A98D60-D694-4E6E-836B-E41AB5737D1D}.Debug|x64.ActiveCfg = Debug|Win32
		{E0A98D60-D694-4E6E-836B-E41AB5737D1D}.Release|Win32.ActiveCfg = Release|Win32
		{E0A98D60-D694-4E6E-836B-E41AB5737D1D}.Release|Win32.Build.0 = Release|Win32
		{E0A98D60-D694-4E6E-836B-E41AB5737D1D}.Release|x64.ActiveCfg = Release|Win32
	EndGlobalSection
	GlobalSection(SolutionProperties) = preSolution
		HideSolutionNode = FALSE
	EndGlobalSection
	GlobalSection(NestedProjects) = preSolution
		{EBF3B2A1-B1B8-477E-997B-35D98F5DA3AB} = {A86D2C08-FDE3-4F05-8A04-848539E9D259}
	EndGlobalSection
	GlobalSection(TeamFoundationVersionControl) = preSolution
		SccNumberOfProjects = 78
		SccEnterpriseProvider = {4CA58AB2-18FA-4F8D-95D4-32DDF27D184C}
		SccTeamFoundationServer = https://redbot.visualstudio.com/
		SccLocalPath0 = .
		SccProjectUniqueName1 = MQ2Cast\\MQ2Cast.vcxproj
		SccProjectName1 = MQ2Cast
		SccLocalPath1 = MQ2Cast
		SccProjectUniqueName2 = MQ2EQBC\\MQ2EQBC.vcxproj
		SccProjectName2 = MQ2EQBC
		SccLocalPath2 = MQ2EQBC
		SccProjectUniqueName3 = MQ2Melee\\MQ2Melee.vcxproj
		SccProjectName3 = MQ2Melee
		SccLocalPath3 = MQ2Melee
		SccProjectUniqueName4 = MQ2Bandolier\\MQ2Bandolier.vcxproj
		SccProjectName4 = MQ2Bandolier
		SccLocalPath4 = MQ2Bandolier
		SccProjectUniqueName5 = MQ2Exchange\\MQ2Exchange.vcxproj
		SccProjectName5 = MQ2Exchange
		SccLocalPath5 = MQ2Exchange
		SccProjectUniqueName6 = MQ2Autoforage\\MQ2Autoforage.vcxproj
		SccProjectName6 = MQ2Autoforage
		SccLocalPath6 = MQ2Autoforage
		SccProjectUniqueName7 = MQ2MoveUtils\\MQ2MoveUtils.vcxproj
		SccProjectName7 = MQ2MoveUtils
		SccLocalPath7 = MQ2MoveUtils
		SccProjectUniqueName8 = MQ2Twist\\MQ2Twist.vcxproj
		SccProjectName8 = MQ2Twist
		SccLocalPath8 = MQ2Twist
		SccProjectUniqueName9 = MQ2AutoSize\\MQ2AutoSize.vcxproj
		SccProjectName9 = MQ2AutoSize
		SccLocalPath9 = MQ2AutoSize
		SccProjectUniqueName10 = MQ2Bardswap\\MQ2Bardswap.vcxproj
		SccProjectName10 = MQ2Bardswap
		SccLocalPath10 = MQ2Bardswap
		SccProjectUniqueName11 = MQ2Bucles\\MQ2Bucles.vcxproj
		SccProjectName11 = MQ2Bucles
		SccLocalPath11 = MQ2Bucles
		SccProjectUniqueName12 = MQ2Bufftool\\MQ2Bufftool.vcxproj
		SccProjectName12 = MQ2Bufftool
		SccLocalPath12 = MQ2Bufftool
		SccProjectUniqueName13 = MQ2Charnotes\\MQ2Charnotes.vcxproj
		SccProjectName13 = MQ2Charnotes
		SccLocalPath13 = MQ2Charnotes
		SccProjectUniqueName14 = MQ2Combat\\MQ2Combat.vcxproj
		SccProjectName14 = MQ2Combat
		SccLocalPath14 = MQ2Combat
		SccProjectUniqueName15 = MQ2Cursor\\MQ2Cursor.vcxproj
		SccProjectName15 = MQ2Cursor
		SccLocalPath15 = MQ2Cursor
		SccProjectUniqueName16 = MQ2Debuffs\\MQ2Debuffs.vcxproj
		SccProjectName16 = MQ2Debuffs
		SccLocalPath16 = MQ2Debuffs
		SccProjectUniqueName17 = MQ2Events\\MQ2Events.vcxproj
		SccProjectName17 = MQ2Events
		SccLocalPath17 = MQ2Events
		SccProjectUniqueName18 = MQ2Feedme\\MQ2Feedme.vcxproj
		SccProjectName18 = MQ2Feedme
		SccLocalPath18 = MQ2Feedme
		SccProjectUniqueName19 = MQ2Linkdb\\MQ2Linkdb.vcxproj
		SccProjectName19 = MQ2Linkdb
		SccLocalPath19 = MQ2Linkdb
		SccProjectUniqueName20 = MQ2Netbots\\MQ2Netbots.vcxproj
		SccProjectName20 = MQ2Netbots
		SccLocalPath20 = MQ2Netbots
		SccProjectUniqueName21 = MQ2Netheal\\MQ2Netheal.vcxproj
		SccProjectName21 = MQ2Netheal
		SccLocalPath21 = MQ2Netheal
		SccProjectUniqueName22 = MQ2Paranoid\\MQ2Paranoid.vcxproj
		SccProjectName22 = MQ2Paranoid
		SccLocalPath22 = MQ2Paranoid
		SccProjectUniqueName23 = MQ2Randomstuff\\MQ2Randomstuff.vcxproj
		SccProjectName23 = MQ2Randomstuff
		SccLocalPath23 = MQ2Randomstuff
		SccProjectUniqueName24 = MQ2Rez\\MQ2Rez.vcxproj
		SccProjectName24 = MQ2Rez
		SccLocalPath24 = MQ2Rez
		SccProjectUniqueName25 = MQ2Spawnmaster\\MQ2Spawnmaster.vcxproj
		SccProjectName25 = MQ2Spawnmaster
		SccLocalPath25 = MQ2Spawnmaster
		SccProjectUniqueName26 = MQ2Spellhotkeys\\MQ2Spellhotkeys.vcxproj
		SccProjectName26 = MQ2Spellhotkeys
		SccLocalPath26 = MQ2Spellhotkeys
		SccProjectUniqueName27 = MQ2Spellsearch\\MQ2Spellsearch.vcxproj
		SccProjectName27 = MQ2Spellsearch
		SccLocalPath27 = MQ2Spellsearch
		SccProjectUniqueName28 = MQ2Tracking\\MQ2Tracking.vcxproj
		SccProjectName28 = MQ2Tracking
		SccLocalPath28 = MQ2Tracking
		SccProjectUniqueName29 = MQ2Vendors\\MQ2Vendors.vcxproj
		SccProjectName29 = MQ2Vendors
		SccLocalPath29 = MQ2Vendors
		SccProjectUniqueName30 = MQ2Xptracker\\MQ2Xptracker.vcxproj
		SccProjectName30 = MQ2Xptracker
		SccLocalPath30 = MQ2Xptracker
		SccProjectUniqueName31 = MQ2AdvPath\\MQ2AdvPath.vcxproj
		SccProjectName31 = MQ2AdvPath
		SccLocalPath31 = MQ2AdvPath
		SccProjectUniqueName32 = MQ2Targets\\MQ2Targets.vcxproj
		SccProjectName32 = MQ2Targets
		SccLocalPath32 = MQ2Targets
		SccProjectUniqueName33 = MQ2Customsound\\MQ2Customsound.vcxproj
		SccProjectName33 = MQ2Customsound
		SccLocalPath33 = MQ2Customsound
		SccProjectUniqueName34 = MQ2Search\\MQ2Search.vcxproj
		SccProjectName34 = MQ2Search
		SccLocalPath34 = MQ2Search
		SccProjectUniqueName35 = MQ2TributeManager\\MQ2TributeManager.vcxproj
		SccProjectName35 = MQ2TributeManager
		SccLocalPath35 = MQ2TributeManager
		SccProjectUniqueName36 = MQ2Fps\\MQ2Fps.vcxproj
		SccProjectName36 = MQ2Fps
		SccLocalPath36 = MQ2Fps
		SccProjectUniqueName37 = MQ2Slave\\MQ2Slave.vcxproj
		SccProjectName37 = MQ2Slave
		SccLocalPath37 = MQ2Slave
		SccProjectUniqueName38 = MQ2GMCheck\\MQ2GMCheck.vcxproj
		SccProjectName38 = MQ2GMCheck
		SccLocalPath38 = MQ2GMCheck
		SccProjectUniqueName39 = MQ2Relaytells\\MQ2Relaytells.vcxproj
		SccProjectName39 = MQ2Relaytells
		SccLocalPath39 = MQ2Relaytells
		SccProjectUniqueName40 = MQ2AutoAccept\\MQ2AutoAccept.vcxproj
		SccProjectName40 = MQ2AutoAccept
		SccLocalPath40 = MQ2AutoAccept
		SccProjectUniqueName41 = MQ2NoNagWindows\\MQ2NoNagWindows.vcxproj
		SccProjectName41 = MQ2NoNagWindows
		SccLocalPath41 = MQ2NoNagWindows
		SccProjectUniqueName42 = MQ2AASpend\\MQ2AASpend.vcxproj
		SccProjectName42 = MQ2AASpend
		SccLocalPath42 = MQ2AASpend
		SccProjectUniqueName43 = MQ2Notepad\\MQ2Notepad.vcxproj
		SccProjectName43 = MQ2Notepad
		SccLocalPath43 = MQ2Notepad
		SccProjectUniqueName44 = MQ2Log\\MQ2Log.vcxproj
		SccProjectName44 = MQ2Log
		SccLocalPath44 = MQ2Log
		SccProjectUniqueName45 = MQ2Posse\\MQ2Posse.vcxproj
		SccProjectName45 = MQ2Posse
		SccLocalPath45 = MQ2Posse
		SccProjectUniqueName46 = MQ2HUDMove\\MQ2HUDMove.vcxproj
		SccProjectName46 = MQ2HUDMove
		SccLocalPath46 = MQ2HUDMove
		SccProjectUniqueName47 = MQ2Headshot\\MQ2Headshot.vcxproj
		SccProjectName47 = MQ2Headshot
		SccLocalPath47 = MQ2Headshot
		SccProjectUniqueName48 = MQ2PlatTracker\\MQ2PlatTracker.vcxproj
		SccProjectName48 = MQ2PlatTracker
		SccLocalPath48 = MQ2PlatTracker
		SccProjectUniqueName49 = MQ2PvPAlert\\MQ2PvPAlert.vcxproj
		SccProjectName49 = MQ2PvPAlert
		SccLocalPath49 = MQ2PvPAlert
		SccProjectUniqueName50 = MQ2Reward\\MQ2Reward.vcxproj
		SccProjectName50 = MQ2Reward
		SccLocalPath50 = MQ2Reward
		SccProjectUniqueName51 = MQ2RaidUtils\\MQ2RaidUtils.vcxproj
		SccProjectName51 = MQ2RaidUtils
		SccLocalPath51 = MQ2RaidUtils
		SccProjectUniqueName52 = MQ2AutoCamp\\MQ2AutoCamp.vcxproj
		SccProjectName52 = MQ2AutoCamp
		SccLocalPath52 = MQ2AutoCamp
		SccProjectUniqueName53 = MQ2Spawns\\MQ2Spawns.vcxproj
		SccProjectName53 = MQ2Spawns
		SccLocalPath53 = MQ2Spawns
		SccProjectUniqueName54 = MQ2ToolTip\\MQ2ToolTip.vcxproj
		SccProjectName54 = MQ2ToolTip
		SccLocalPath54 = MQ2ToolTip
		SccProjectUniqueName55 = MQ2Camera\\MQ2Camera.vcxproj
		SccProjectName55 = MQ2Camera
		SccLocalPath55 = MQ2Camera
		SccProjectUniqueName56 = MQ2Viewport\\MQ2Viewport.vcxproj
		SccProjectName56 = MQ2Viewport
		SccLocalPath56 = MQ2Viewport
		SccProjectUniqueName57 = MQ2Medley\\MQ2Medley.vcxproj
		SccProjectName57 = MQ2Medley
		SccLocalPath57 = MQ2Medley
		SccProjectUniqueName58 = MQ2Heals\\MQ2Heals.vcxproj
		SccProjectName58 = MQ2Heals
		SccLocalPath58 = MQ2Heals
		SccProjectUniqueName59 = MQ2Gmail\\MQ2Gmail.vcxproj
		SccProjectName59 = MQ2Gmail
		SccLocalPath59 = MQ2Gmail
		SccProjectUniqueName60 = MQ2Missing\\MQ2Missing.vcxproj
		SccProjectName60 = MQ2Missing
		SccLocalPath60 = MQ2Missing
		SccProjectUniqueName61 = MQ2Dpsadv\\MQ2Dpsadv.vcxproj
		SccProjectName61 = MQ2Dpsadv
		SccLocalPath61 = MQ2Dpsadv
		SccProjectUniqueName62 = MQ2CpuLoad\\MQ2CpuLoad.vcxproj
		SccProjectName62 = MQ2CpuLoad
		SccLocalPath62 = MQ2CpuLoad
		SccProjectUniqueName63 = MQ2Main\\MQ2Main(TF).vcxproj
		SccProjectName63 = MQ2Main
		SccLocalPath63 = MQ2Main
		SccProjectUniqueName64 = MQ2Chat\\MQ2Chat(TF).vcxproj
		SccProjectName64 = MQ2Chat
		SccLocalPath64 = MQ2Chat
		SccProjectUniqueName65 = MQ2ChatWnd\\MQ2ChatWnd(TF).vcxproj
		SccProjectName65 = MQ2ChatWnd
		SccLocalPath65 = MQ2ChatWnd
		SccProjectUniqueName66 = MQ2CustomBinds\\MQ2CustomBinds(TF).vcxproj
		SccProjectName66 = MQ2CustomBinds
		SccLocalPath66 = MQ2CustomBinds
		SccProjectUniqueName67 = MQ2EQBugFix\\MQ2EQBugFix(TF).vcxproj
		SccProjectName67 = MQ2EQBugFix
		SccLocalPath67 = MQ2EQBugFix
		SccProjectUniqueName68 = MQ2EQIM\\MQ2EQIM(TF).vcxproj
		SccProjectName68 = MQ2EQIM
		SccLocalPath68 = MQ2EQIM
		SccProjectUniqueName69 = MQ2HUD\\MQ2HUD(TF).vcxproj
		SccProjectName69 = MQ2HUD
		SccLocalPath69 = MQ2HUD
		SccProjectUniqueName70 = MQ2Irc\\MQ2Irc(TF).vcxproj
		SccProjectName70 = MQ2Irc
		SccLocalPath70 = MQ2Irc
		SccProjectUniqueName71 = MQ2ItemDisplay\\MQ2ItemDisplay(TF).vcxproj
		SccProjectName71 = MQ2ItemDisplay
		SccLocalPath71 = MQ2ItemDisplay
		SccProjectUniqueName72 = MQ2Labels\\MQ2Labels(TF).vcxproj
		SccProjectName72 = MQ2Labels
		SccLocalPath72 = MQ2Labels
		SccProjectUniqueName73 = MQ2Map\\MQ2Map(TF).vcxproj
		SccProjectName73 = MQ2Map
		SccLocalPath73 = MQ2Map
		SccProjectUniqueName74 = mq2telnet\\mq2telnet(TF).vcxproj
		SccProjectName74 = mq2telnet
		SccLocalPath74 = mq2telnet
		SccProjectUniqueName75 = MQ2AFNuke\\MQ2AFNuke.vcxproj
		SccProjectName75 = MQ2AFNuke
		SccLocalPath75 = MQ2AFNuke
		SccProjectUniqueName76 = MQ2AutoLogin\\MQ2AutoLogin(TF).vcxproj
		SccProjectName76 = MQ2AutoLogin
		SccLocalPath76 = MQ2AutoLogin
		SccProjectUniqueName77 = MQ2Bzsrch\\MQ2Bzsrch(TF).vcxproj
		SccProjectName77 = MQ2Bzsrch
		SccLocalPath77 = MQ2Bzsrch
	EndGlobalSection
EndGlobal
