<?xml version="1.0" encoding="utf-8"?>
<Project ToolsVersion="4.0" xmlns="http://schemas.microsoft.com/developer/msbuild/2003">
  <ItemGroup>
    <ClInclude Include="DSurface.h">
      <Filter>Header Files</Filter>
    </ClInclude>
    <ClInclude Include="..\MQ2Plugin.h">
      <Filter>Header Files</Filter>
    </ClInclude>
    <ClInclude Include="resource.h">
      <Filter>Header Files</Filter>
    </ClInclude>
  </ItemGroup>
  <ItemGroup>
    <Filter Include="Header Files">
      <UniqueIdentifier>{6a4b814b-4832-4a2e-a40f-2a5a1dc82be2}</UniqueIdentifier>
    </Filter>
    <Filter Include="Resource Files">
      <UniqueIdentifier>{10ae1ec5-4824-4fcf-8550-424f6f2157b3}</UniqueIdentifier>
    </Filter>
    <Filter Include="Source Files">
      <UniqueIdentifier>{019c7db4-3182-4c84-88f9-029c52adf0a6}</UniqueIdentifier>
    </Filter>
  </ItemGroup>
  <ItemGroup>
    <ClCompile Include="MQ2Radar.cpp">
      <Filter>Source Files</Filter>
    </ClCompile>
  </ItemGroup>
  <ItemGroup>
    <ResourceCompile Include="MQ2Radar.rc">
      <Filter>Resource Files</Filter>
    </ResourceCompile>
  </ItemGroup>
  <ItemGroup>
    <Image Include="compass.bmp" />
    <Image Include="item.bmp" />
    <Image Include="running.bmp" />
    <Image Include="spawn.bmp" />
    <Image Include="target.bmp" />
  </ItemGroup>
  <ItemGroup>
    <None Include="DSurface.dll" />
  </ItemGroup>
</Project>